// !$*UTF8*$!
{
	archiveVersion = 1;
	classes = {
	};
	objectVersion = 46;
	objects = {

/* Begin PBXBuildFile section */
		6B6E2B90B4A848A80ECAC682 /* .gitignore in Resources */ = {isa = PBXBuildFile; fileRef = 6B6E20C3DC679DFA94D328E9 /* .gitignore */; };
		6B6E2C5B3D3EF3BCBB688A6B /* CRC32.swift in Sources */ = {isa = PBXBuildFile; fileRef = 6B6E22BC40E5DEB281F788AC /* CRC32.swift */; };
		CA1427DD1B185A1800CC0302 /* YunkuSwiftSDK.h in Headers */ = {isa = PBXBuildFile; fileRef = CA1427DC1B185A1800CC0302 /* YunkuSwiftSDK.h */; settings = {ATTRIBUTES = (Public, ); }; };
		CA6A5C941E2E2C9F00842BFA /* NetError.swift in Sources */ = {isa = PBXBuildFile; fileRef = CA6A5C931E2E2C9F00842BFA /* NetError.swift */; };
		CAB0378B1B331F4100E84824 /* Dictionary+BlocksAdditions.swift in Sources */ = {isa = PBXBuildFile; fileRef = CAB0376A1B331F4100E84824 /* Dictionary+BlocksAdditions.swift */; };
		CAB0378C1B331F4100E84824 /* String+Encode.swift in Sources */ = {isa = PBXBuildFile; fileRef = CAB0376B1B331F4100E84824 /* String+Encode.swift */; };
		CAB0378D1B331F4100E84824 /* Constans.swift in Sources */ = {isa = PBXBuildFile; fileRef = CAB0376C1B331F4100E84824 /* Constans.swift */; };
		CAB0378E1B331F4100E84824 /* BaseData.swift in Sources */ = {isa = PBXBuildFile; fileRef = CAB0376E1B331F4100E84824 /* BaseData.swift */; };
		CAB0378F1B331F4100E84824 /* FileOperationData.swift in Sources */ = {isa = PBXBuildFile; fileRef = CAB0376F1B331F4100E84824 /* FileOperationData.swift */; };
		CAB037901B331F4100E84824 /* OauthData.swift in Sources */ = {isa = PBXBuildFile; fileRef = CAB037701B331F4100E84824 /* OauthData.swift */; };
		CAB037911B331F4100E84824 /* ReturnResult.swift in Sources */ = {isa = PBXBuildFile; fileRef = CAB037711B331F4100E84824 /* ReturnResult.swift */; };
		CAB037921B331F4100E84824 /* SyncMemberData.swift in Sources */ = {isa = PBXBuildFile; fileRef = CAB037721B331F4100E84824 /* SyncMemberData.swift */; };
		CAB037931B331F4100E84824 /* EntFileManager.swift in Sources */ = {isa = PBXBuildFile; fileRef = CAB037731B331F4100E84824 /* EntFileManager.swift */; };
		CAB037941B331F4100E84824 /* EntLibManager.swift in Sources */ = {isa = PBXBuildFile; fileRef = CAB037741B331F4100E84824 /* EntLibManager.swift */; };
		CAB037951B331F4100E84824 /* EntManager.swift in Sources */ = {isa = PBXBuildFile; fileRef = CAB037751B331F4100E84824 /* EntManager.swift */; };
		CAB037961B331F4100E84824 /* HostConfig.swift in Sources */ = {isa = PBXBuildFile; fileRef = CAB037761B331F4100E84824 /* HostConfig.swift */; };
		CAB037971B331F4100E84824 /* NetConnection.swift in Sources */ = {isa = PBXBuildFile; fileRef = CAB037771B331F4100E84824 /* NetConnection.swift */; };
		CAB037981B331F4100E84824 /* ParentEngine.swift in Sources */ = {isa = PBXBuildFile; fileRef = CAB037781B331F4100E84824 /* ParentEngine.swift */; };
		CAB037991B331F4100E84824 /* SignAbility.swift in Sources */ = {isa = PBXBuildFile; fileRef = CAB037791B331F4100E84824 /* SignAbility.swift */; };
		CAB0379A1B331F4100E84824 /* UploadCallBack.swift in Sources */ = {isa = PBXBuildFile; fileRef = CAB0377B1B331F4100E84824 /* UploadCallBack.swift */; };
		CAB0379C1B331F4100E84824 /* AlgorithmType.swift in Sources */ = {isa = PBXBuildFile; fileRef = CAB0377E1B331F4100E84824 /* AlgorithmType.swift */; };
		CAB0379F1B331F4100E84824 /* Digest.swift in Sources */ = {isa = PBXBuildFile; fileRef = CAB037811B331F4100E84824 /* Digest.swift */; };
		CAB037A11B331F4100E84824 /* Digestible.swift in Sources */ = {isa = PBXBuildFile; fileRef = CAB037831B331F4100E84824 /* Digestible.swift */; };
		CAB037A21B331F4100E84824 /* HMACAlgorithm.swift in Sources */ = {isa = PBXBuildFile; fileRef = CAB037841B331F4100E84824 /* HMACAlgorithm.swift */; };
		CAB037A31B331F4100E84824 /* HTTPStatusCodes.swift in Sources */ = {isa = PBXBuildFile; fileRef = CAB037851B331F4100E84824 /* HTTPStatusCodes.swift */; };
		CAB037A41B331F4100E84824 /* LogPrint.swift in Sources */ = {isa = PBXBuildFile; fileRef = CAB037861B331F4100E84824 /* LogPrint.swift */; };
		CAB037A51B331F4100E84824 /* SHA1.swift in Sources */ = {isa = PBXBuildFile; fileRef = CAB037871B331F4100E84824 /* SHA1.swift */; };
		CAB037A61B331F4100E84824 /* SHA256.swift in Sources */ = {isa = PBXBuildFile; fileRef = CAB037881B331F4100E84824 /* SHA256.swift */; };
		CAB037A71B331F4100E84824 /* Utility.swift in Sources */ = {isa = PBXBuildFile; fileRef = CAB037891B331F4100E84824 /* Utility.swift */; };
		CAB037A81B331F4100E84824 /* Utils.swift in Sources */ = {isa = PBXBuildFile; fileRef = CAB0378A1B331F4100E84824 /* Utils.swift */; };
		CAC0D1E51B498C500024C8A9 /* UploadManager.swift in Sources */ = {isa = PBXBuildFile; fileRef = CAC0D1E41B498C500024C8A9 /* UploadManager.swift */; };
		CAC65E2F1C87DB960005D36D /* libz.tbd in Frameworks */ = {isa = PBXBuildFile; fileRef = CAC65E2E1C87DB960005D36D /* libz.tbd */; };
		CAC65E4B1C87E3EE0005D36D /* CommonCrypto.framework in Frameworks */ = {isa = PBXBuildFile; fileRef = CAC65E411C87E3EE0005D36D /* CommonCrypto.framework */; };
		CAC65E501C87E3EE0005D36D /* CommonCryptoTests.m in Sources */ = {isa = PBXBuildFile; fileRef = CAC65E4F1C87E3EE0005D36D /* CommonCryptoTests.m */; };
		CAC65E601C87E4210005D36D /* CommonCrypto.xcconfig in Resources */ = {isa = PBXBuildFile; fileRef = CAC65E581C87E4210005D36D /* CommonCrypto.xcconfig */; };
		CAC65E621C87E9C70005D36D /* CommonCrypto.framework in Frameworks */ = {isa = PBXBuildFile; fileRef = CAC65E411C87E3EE0005D36D /* CommonCrypto.framework */; };
/* End PBXBuildFile section */

/* Begin PBXContainerItemProxy section */
		CAC65E4C1C87E3EE0005D36D /* PBXContainerItemProxy */ = {
			isa = PBXContainerItemProxy;
			containerPortal = CA1427CE1B185A1800CC0302 /* Project object */;
			proxyType = 1;
			remoteGlobalIDString = CAC65E401C87E3EE0005D36D;
			remoteInfo = CommonCrypto;
		};
/* End PBXContainerItemProxy section */

/* Begin PBXFileReference section */
		6B6E20C3DC679DFA94D328E9 /* .gitignore */ = {isa = PBXFileReference; lastKnownFileType = file.gitignore; path = .gitignore; sourceTree = "<group>"; };
		6B6E22BC40E5DEB281F788AC /* CRC32.swift */ = {isa = PBXFileReference; fileEncoding = 4; lastKnownFileType = sourcecode.swift; path = CRC32.swift; sourceTree = "<group>"; };
		CA1427D71B185A1800CC0302 /* YunkuSwiftSDK.framework */ = {isa = PBXFileReference; explicitFileType = wrapper.framework; includeInIndex = 0; path = YunkuSwiftSDK.framework; sourceTree = BUILT_PRODUCTS_DIR; };
		CA1427DB1B185A1800CC0302 /* Info.plist */ = {isa = PBXFileReference; lastKnownFileType = text.plist.xml; path = Info.plist; sourceTree = "<group>"; };
		CA1427DC1B185A1800CC0302 /* YunkuSwiftSDK.h */ = {isa = PBXFileReference; lastKnownFileType = sourcecode.c.h; path = YunkuSwiftSDK.h; sourceTree = "<group>"; };
		CA1427E81B185A1800CC0302 /* Info.plist */ = {isa = PBXFileReference; lastKnownFileType = text.plist.xml; path = Info.plist; sourceTree = "<group>"; };
		CA1427E91B185A1800CC0302 /* YunkuSwiftSDKTests.swift */ = {isa = PBXFileReference; lastKnownFileType = sourcecode.swift; path = YunkuSwiftSDKTests.swift; sourceTree = "<group>"; };
		CA6A5C931E2E2C9F00842BFA /* NetError.swift */ = {isa = PBXFileReference; fileEncoding = 4; lastKnownFileType = sourcecode.swift; path = NetError.swift; sourceTree = "<group>"; };
		CAB0376A1B331F4100E84824 /* Dictionary+BlocksAdditions.swift */ = {isa = PBXFileReference; fileEncoding = 4; lastKnownFileType = sourcecode.swift; path = "Dictionary+BlocksAdditions.swift"; sourceTree = "<group>"; };
		CAB0376B1B331F4100E84824 /* String+Encode.swift */ = {isa = PBXFileReference; fileEncoding = 4; lastKnownFileType = sourcecode.swift; path = "String+Encode.swift"; sourceTree = "<group>"; };
		CAB0376C1B331F4100E84824 /* Constans.swift */ = {isa = PBXFileReference; fileEncoding = 4; lastKnownFileType = sourcecode.swift; path = Constans.swift; sourceTree = "<group>"; };
		CAB0376E1B331F4100E84824 /* BaseData.swift */ = {isa = PBXFileReference; fileEncoding = 4; lastKnownFileType = sourcecode.swift; path = BaseData.swift; sourceTree = "<group>"; };
		CAB0376F1B331F4100E84824 /* FileOperationData.swift */ = {isa = PBXFileReference; fileEncoding = 4; lastKnownFileType = sourcecode.swift; path = FileOperationData.swift; sourceTree = "<group>"; };
		CAB037701B331F4100E84824 /* OauthData.swift */ = {isa = PBXFileReference; fileEncoding = 4; lastKnownFileType = sourcecode.swift; path = OauthData.swift; sourceTree = "<group>"; };
		CAB037711B331F4100E84824 /* ReturnResult.swift */ = {isa = PBXFileReference; fileEncoding = 4; lastKnownFileType = sourcecode.swift; path = ReturnResult.swift; sourceTree = "<group>"; };
		CAB037721B331F4100E84824 /* SyncMemberData.swift */ = {isa = PBXFileReference; fileEncoding = 4; lastKnownFileType = sourcecode.swift; path = SyncMemberData.swift; sourceTree = "<group>"; };
		CAB037731B331F4100E84824 /* EntFileManager.swift */ = {isa = PBXFileReference; fileEncoding = 4; lastKnownFileType = sourcecode.swift; path = EntFileManager.swift; sourceTree = "<group>"; };
		CAB037741B331F4100E84824 /* EntLibManager.swift */ = {isa = PBXFileReference; fileEncoding = 4; lastKnownFileType = sourcecode.swift; path = EntLibManager.swift; sourceTree = "<group>"; };
		CAB037751B331F4100E84824 /* EntManager.swift */ = {isa = PBXFileReference; fileEncoding = 4; lastKnownFileType = sourcecode.swift; path = EntManager.swift; sourceTree = "<group>"; };
		CAB037761B331F4100E84824 /* HostConfig.swift */ = {isa = PBXFileReference; fileEncoding = 4; lastKnownFileType = sourcecode.swift; path = HostConfig.swift; sourceTree = "<group>"; };
		CAB037771B331F4100E84824 /* NetConnection.swift */ = {isa = PBXFileReference; fileEncoding = 4; lastKnownFileType = sourcecode.swift; path = NetConnection.swift; sourceTree = "<group>"; };
		CAB037781B331F4100E84824 /* ParentEngine.swift */ = {isa = PBXFileReference; fileEncoding = 4; lastKnownFileType = sourcecode.swift; path = ParentEngine.swift; sourceTree = "<group>"; };
		CAB037791B331F4100E84824 /* SignAbility.swift */ = {isa = PBXFileReference; fileEncoding = 4; lastKnownFileType = sourcecode.swift; path = SignAbility.swift; sourceTree = "<group>"; };
		CAB0377B1B331F4100E84824 /* UploadCallBack.swift */ = {isa = PBXFileReference; fileEncoding = 4; lastKnownFileType = sourcecode.swift; path = UploadCallBack.swift; sourceTree = "<group>"; };
		CAB0377E1B331F4100E84824 /* AlgorithmType.swift */ = {isa = PBXFileReference; fileEncoding = 4; lastKnownFileType = sourcecode.swift; path = AlgorithmType.swift; sourceTree = "<group>"; };
		CAB037811B331F4100E84824 /* Digest.swift */ = {isa = PBXFileReference; fileEncoding = 4; lastKnownFileType = sourcecode.swift; path = Digest.swift; sourceTree = "<group>"; };
		CAB037831B331F4100E84824 /* Digestible.swift */ = {isa = PBXFileReference; fileEncoding = 4; lastKnownFileType = sourcecode.swift; path = Digestible.swift; sourceTree = "<group>"; };
		CAB037841B331F4100E84824 /* HMACAlgorithm.swift */ = {isa = PBXFileReference; fileEncoding = 4; lastKnownFileType = sourcecode.swift; path = HMACAlgorithm.swift; sourceTree = "<group>"; };
		CAB037851B331F4100E84824 /* HTTPStatusCodes.swift */ = {isa = PBXFileReference; fileEncoding = 4; lastKnownFileType = sourcecode.swift; path = HTTPStatusCodes.swift; sourceTree = "<group>"; };
		CAB037861B331F4100E84824 /* LogPrint.swift */ = {isa = PBXFileReference; fileEncoding = 4; lastKnownFileType = sourcecode.swift; path = LogPrint.swift; sourceTree = "<group>"; };
		CAB037871B331F4100E84824 /* SHA1.swift */ = {isa = PBXFileReference; fileEncoding = 4; lastKnownFileType = sourcecode.swift; path = SHA1.swift; sourceTree = "<group>"; };
		CAB037881B331F4100E84824 /* SHA256.swift */ = {isa = PBXFileReference; fileEncoding = 4; lastKnownFileType = sourcecode.swift; path = SHA256.swift; sourceTree = "<group>"; };
		CAB037891B331F4100E84824 /* Utility.swift */ = {isa = PBXFileReference; fileEncoding = 4; lastKnownFileType = sourcecode.swift; path = Utility.swift; sourceTree = "<group>"; };
		CAB0378A1B331F4100E84824 /* Utils.swift */ = {isa = PBXFileReference; fileEncoding = 4; lastKnownFileType = sourcecode.swift; path = Utils.swift; sourceTree = "<group>"; };
		CAC0D1E41B498C500024C8A9 /* UploadManager.swift */ = {isa = PBXFileReference; fileEncoding = 4; lastKnownFileType = sourcecode.swift; path = UploadManager.swift; sourceTree = "<group>"; };
		CAC65E2E1C87DB960005D36D /* libz.tbd */ = {isa = PBXFileReference; lastKnownFileType = "sourcecode.text-based-dylib-definition"; name = libz.tbd; path = usr/lib/libz.tbd; sourceTree = SDKROOT; };
		CAC65E411C87E3EE0005D36D /* CommonCrypto.framework */ = {isa = PBXFileReference; explicitFileType = wrapper.framework; includeInIndex = 0; path = CommonCrypto.framework; sourceTree = BUILT_PRODUCTS_DIR; };
		CAC65E451C87E3EE0005D36D /* Info.plist */ = {isa = PBXFileReference; lastKnownFileType = text.plist.xml; path = Info.plist; sourceTree = "<group>"; };
		CAC65E4A1C87E3EE0005D36D /* CommonCryptoTests.xctest */ = {isa = PBXFileReference; explicitFileType = wrapper.cfbundle; includeInIndex = 0; path = CommonCryptoTests.xctest; sourceTree = BUILT_PRODUCTS_DIR; };
		CAC65E4F1C87E3EE0005D36D /* CommonCryptoTests.m */ = {isa = PBXFileReference; lastKnownFileType = sourcecode.c.objc; path = CommonCryptoTests.m; sourceTree = "<group>"; };
		CAC65E511C87E3EE0005D36D /* Info.plist */ = {isa = PBXFileReference; lastKnownFileType = text.plist.xml; path = Info.plist; sourceTree = "<group>"; };
		CAC65E581C87E4210005D36D /* CommonCrypto.xcconfig */ = {isa = PBXFileReference; fileEncoding = 4; lastKnownFileType = text.xcconfig; path = CommonCrypto.xcconfig; sourceTree = "<group>"; };
		CAC65E591C87E4210005D36D /* iphoneos.modulemap */ = {isa = PBXFileReference; fileEncoding = 4; lastKnownFileType = "sourcecode.module-map"; path = iphoneos.modulemap; sourceTree = "<group>"; };
		CAC65E5A1C87E4210005D36D /* iphonesimulator.modulemap */ = {isa = PBXFileReference; fileEncoding = 4; lastKnownFileType = "sourcecode.module-map"; path = iphonesimulator.modulemap; sourceTree = "<group>"; };
		CAC65E5B1C87E4210005D36D /* macosx.modulemap */ = {isa = PBXFileReference; fileEncoding = 4; lastKnownFileType = "sourcecode.module-map"; path = macosx.modulemap; sourceTree = "<group>"; };
		CAC65E5C1C87E4210005D36D /* watchos.modulemap */ = {isa = PBXFileReference; fileEncoding = 4; lastKnownFileType = "sourcecode.module-map"; path = watchos.modulemap; sourceTree = "<group>"; };
		CAC65E5D1C87E4210005D36D /* watchsimulator.modulemap */ = {isa = PBXFileReference; fileEncoding = 4; lastKnownFileType = "sourcecode.module-map"; path = watchsimulator.modulemap; sourceTree = "<group>"; };
		CAC65E5E1C87E4210005D36D /* appletvos.modulemap */ = {isa = PBXFileReference; fileEncoding = 4; lastKnownFileType = "sourcecode.module-map"; path = appletvos.modulemap; sourceTree = "<group>"; };
		CAC65E5F1C87E4210005D36D /* appletvsimulator.modulemap */ = {isa = PBXFileReference; fileEncoding = 4; lastKnownFileType = "sourcecode.module-map"; path = appletvsimulator.modulemap; sourceTree = "<group>"; };
/* End PBXFileReference section */

/* Begin PBXFrameworksBuildPhase section */
		CA1427D31B185A1800CC0302 /* Frameworks */ = {
			isa = PBXFrameworksBuildPhase;
			buildActionMask = 2147483647;
			files = (
				CAC65E621C87E9C70005D36D /* CommonCrypto.framework in Frameworks */,
				CAC65E2F1C87DB960005D36D /* libz.tbd in Frameworks */,
			);
			runOnlyForDeploymentPostprocessing = 0;
		};
		CAC65E3D1C87E3EE0005D36D /* Frameworks */ = {
			isa = PBXFrameworksBuildPhase;
			buildActionMask = 2147483647;
			files = (
			);
			runOnlyForDeploymentPostprocessing = 0;
		};
		CAC65E471C87E3EE0005D36D /* Frameworks */ = {
			isa = PBXFrameworksBuildPhase;
			buildActionMask = 2147483647;
			files = (
				CAC65E4B1C87E3EE0005D36D /* CommonCrypto.framework in Frameworks */,
			);
			runOnlyForDeploymentPostprocessing = 0;
		};
/* End PBXFrameworksBuildPhase section */

/* Begin PBXGroup section */
		CA1427CD1B185A1800CC0302 = {
			isa = PBXGroup;
			children = (
				CA1427D91B185A1800CC0302 /* YunkuSwiftSDK */,
				CA1427E61B185A1800CC0302 /* YunkuSwiftSDKTests */,
				CAC65E421C87E3EE0005D36D /* CommonCrypto */,
				CAC65E4E1C87E3EE0005D36D /* CommonCryptoTests */,
				CAC65E611C87E44F0005D36D /* Frameworks */,
				CA1427D81B185A1800CC0302 /* Products */,
				6B6E20C3DC679DFA94D328E9 /* .gitignore */,
			);
			sourceTree = "<group>";
		};
		CA1427D81B185A1800CC0302 /* Products */ = {
			isa = PBXGroup;
			children = (
				CA1427D71B185A1800CC0302 /* YunkuSwiftSDK.framework */,
				CAC65E411C87E3EE0005D36D /* CommonCrypto.framework */,
				CAC65E4A1C87E3EE0005D36D /* CommonCryptoTests.xctest */,
			);
			name = Products;
			sourceTree = "<group>";
		};
		CA1427D91B185A1800CC0302 /* YunkuSwiftSDK */ = {
			isa = PBXGroup;
			children = (
				CAB037681B331F4100E84824 /* Class */,
				CA1427DC1B185A1800CC0302 /* YunkuSwiftSDK.h */,
				CA1427DA1B185A1800CC0302 /* Supporting Files */,
			);
			path = YunkuSwiftSDK;
			sourceTree = "<group>";
		};
		CA1427DA1B185A1800CC0302 /* Supporting Files */ = {
			isa = PBXGroup;
			children = (
				CA1427DB1B185A1800CC0302 /* Info.plist */,
			);
			name = "Supporting Files";
			sourceTree = "<group>";
		};
		CA1427E61B185A1800CC0302 /* YunkuSwiftSDKTests */ = {
			isa = PBXGroup;
			children = (
				CA1427E91B185A1800CC0302 /* YunkuSwiftSDKTests.swift */,
				CA1427E71B185A1800CC0302 /* Supporting Files */,
			);
			path = YunkuSwiftSDKTests;
			sourceTree = "<group>";
		};
		CA1427E71B185A1800CC0302 /* Supporting Files */ = {
			isa = PBXGroup;
			children = (
				CA1427E81B185A1800CC0302 /* Info.plist */,
			);
			name = "Supporting Files";
			sourceTree = "<group>";
		};
		CAB037681B331F4100E84824 /* Class */ = {
			isa = PBXGroup;
			children = (
				CA6A5C931E2E2C9F00842BFA /* NetError.swift */,
				CAB037691B331F4100E84824 /* Category */,
				CAB0376C1B331F4100E84824 /* Constans.swift */,
				CAB0376D1B331F4100E84824 /* Data */,
				CAB037731B331F4100E84824 /* EntFileManager.swift */,
				CAB037741B331F4100E84824 /* EntLibManager.swift */,
				CAB037751B331F4100E84824 /* EntManager.swift */,
				CAB037761B331F4100E84824 /* HostConfig.swift */,
				CAB037771B331F4100E84824 /* NetConnection.swift */,
				CAB037781B331F4100E84824 /* ParentEngine.swift */,
				CAB037791B331F4100E84824 /* SignAbility.swift */,
				CAB0377A1B331F4100E84824 /* Upload */,
				CAB0377D1B331F4100E84824 /* Utils */,
			);
			path = Class;
			sourceTree = "<group>";
		};
		CAB037691B331F4100E84824 /* Category */ = {
			isa = PBXGroup;
			children = (
				CAB0376A1B331F4100E84824 /* Dictionary+BlocksAdditions.swift */,
				CAB0376B1B331F4100E84824 /* String+Encode.swift */,
			);
			path = Category;
			sourceTree = "<group>";
		};
		CAB0376D1B331F4100E84824 /* Data */ = {
			isa = PBXGroup;
			children = (
				CAB0376E1B331F4100E84824 /* BaseData.swift */,
				CAB0376F1B331F4100E84824 /* FileOperationData.swift */,
				CAB037701B331F4100E84824 /* OauthData.swift */,
				CAB037711B331F4100E84824 /* ReturnResult.swift */,
				CAB037721B331F4100E84824 /* SyncMemberData.swift */,
			);
			path = Data;
			sourceTree = "<group>";
		};
		CAB0377A1B331F4100E84824 /* Upload */ = {
			isa = PBXGroup;
			children = (
				CAB0377B1B331F4100E84824 /* UploadCallBack.swift */,
				CAC0D1E41B498C500024C8A9 /* UploadManager.swift */,
			);
			path = Upload;
			sourceTree = "<group>";
		};
		CAB0377D1B331F4100E84824 /* Utils */ = {
			isa = PBXGroup;
			children = (
				CAB0377E1B331F4100E84824 /* AlgorithmType.swift */,
				CAB037811B331F4100E84824 /* Digest.swift */,
				CAB037831B331F4100E84824 /* Digestible.swift */,
				CAB037841B331F4100E84824 /* HMACAlgorithm.swift */,
				CAB037851B331F4100E84824 /* HTTPStatusCodes.swift */,
				CAB037861B331F4100E84824 /* LogPrint.swift */,
				CAB037871B331F4100E84824 /* SHA1.swift */,
				CAB037881B331F4100E84824 /* SHA256.swift */,
				CAB037891B331F4100E84824 /* Utility.swift */,
				CAB0378A1B331F4100E84824 /* Utils.swift */,
				6B6E22BC40E5DEB281F788AC /* CRC32.swift */,
			);
			path = Utils;
			sourceTree = "<group>";
		};
		CAC65E421C87E3EE0005D36D /* CommonCrypto */ = {
			isa = PBXGroup;
			children = (
				CAC65E581C87E4210005D36D /* CommonCrypto.xcconfig */,
				CAC65E591C87E4210005D36D /* iphoneos.modulemap */,
				CAC65E5A1C87E4210005D36D /* iphonesimulator.modulemap */,
				CAC65E5B1C87E4210005D36D /* macosx.modulemap */,
				CAC65E5C1C87E4210005D36D /* watchos.modulemap */,
				CAC65E5D1C87E4210005D36D /* watchsimulator.modulemap */,
				CAC65E5E1C87E4210005D36D /* appletvos.modulemap */,
				CAC65E5F1C87E4210005D36D /* appletvsimulator.modulemap */,
				CAC65E451C87E3EE0005D36D /* Info.plist */,
			);
			path = CommonCrypto;
			sourceTree = "<group>";
		};
		CAC65E4E1C87E3EE0005D36D /* CommonCryptoTests */ = {
			isa = PBXGroup;
			children = (
				CAC65E4F1C87E3EE0005D36D /* CommonCryptoTests.m */,
				CAC65E511C87E3EE0005D36D /* Info.plist */,
			);
			path = CommonCryptoTests;
			sourceTree = "<group>";
		};
		CAC65E611C87E44F0005D36D /* Frameworks */ = {
			isa = PBXGroup;
			children = (
				CAC65E2E1C87DB960005D36D /* libz.tbd */,
			);
			name = Frameworks;
			sourceTree = "<group>";
		};
/* End PBXGroup section */

/* Begin PBXHeadersBuildPhase section */
		CA1427D41B185A1800CC0302 /* Headers */ = {
			isa = PBXHeadersBuildPhase;
			buildActionMask = 2147483647;
			files = (
				CA1427DD1B185A1800CC0302 /* YunkuSwiftSDK.h in Headers */,
			);
			runOnlyForDeploymentPostprocessing = 0;
		};
		CAC65E3E1C87E3EE0005D36D /* Headers */ = {
			isa = PBXHeadersBuildPhase;
			buildActionMask = 2147483647;
			files = (
			);
			runOnlyForDeploymentPostprocessing = 0;
		};
/* End PBXHeadersBuildPhase section */

/* Begin PBXNativeTarget section */
		CA1427D61B185A1800CC0302 /* YunkuSwiftSDK */ = {
			isa = PBXNativeTarget;
			buildConfigurationList = CA1427ED1B185A1800CC0302 /* Build configuration list for PBXNativeTarget "YunkuSwiftSDK" */;
			buildPhases = (
				CA1427D21B185A1800CC0302 /* Sources */,
				CA1427D31B185A1800CC0302 /* Frameworks */,
				CA1427D41B185A1800CC0302 /* Headers */,
				CA1427D51B185A1800CC0302 /* Resources */,
			);
			buildRules = (
			);
			dependencies = (
			);
			name = YunkuSwiftSDK;
			productName = YunkuSwiftSDK;
			productReference = CA1427D71B185A1800CC0302 /* YunkuSwiftSDK.framework */;
			productType = "com.apple.product-type.framework";
		};
		CAC65E401C87E3EE0005D36D /* CommonCrypto */ = {
			isa = PBXNativeTarget;
			buildConfigurationList = CAC65E521C87E3EE0005D36D /* Build configuration list for PBXNativeTarget "CommonCrypto" */;
			buildPhases = (
				CAC65E3C1C87E3EE0005D36D /* Sources */,
				CAC65E3D1C87E3EE0005D36D /* Frameworks */,
				CAC65E3E1C87E3EE0005D36D /* Headers */,
				CAC65E3F1C87E3EE0005D36D /* Resources */,
			);
			buildRules = (
			);
			dependencies = (
			);
			name = CommonCrypto;
			productName = CommonCrypto;
			productReference = CAC65E411C87E3EE0005D36D /* CommonCrypto.framework */;
			productType = "com.apple.product-type.framework";
		};
		CAC65E491C87E3EE0005D36D /* CommonCryptoTests */ = {
			isa = PBXNativeTarget;
			buildConfigurationList = CAC65E551C87E3EE0005D36D /* Build configuration list for PBXNativeTarget "CommonCryptoTests" */;
			buildPhases = (
				CAC65E461C87E3EE0005D36D /* Sources */,
				CAC65E471C87E3EE0005D36D /* Frameworks */,
				CAC65E481C87E3EE0005D36D /* Resources */,
			);
			buildRules = (
			);
			dependencies = (
				CAC65E4D1C87E3EE0005D36D /* PBXTargetDependency */,
			);
			name = CommonCryptoTests;
			productName = CommonCryptoTests;
			productReference = CAC65E4A1C87E3EE0005D36D /* CommonCryptoTests.xctest */;
			productType = "com.apple.product-type.bundle.unit-test";
		};
/* End PBXNativeTarget section */

/* Begin PBXProject section */
		CA1427CE1B185A1800CC0302 /* Project object */ = {
			isa = PBXProject;
			attributes = {
				LastSwiftMigration = 0720;
				LastSwiftUpdateCheck = 0700;
				LastUpgradeCheck = 0720;
				ORGANIZATIONNAME = goukuai;
				TargetAttributes = {
					CA1427D61B185A1800CC0302 = {
						CreatedOnToolsVersion = 6.3.1;
						LastSwiftMigration = 0830;
					};
					CAC65E401C87E3EE0005D36D = {
						CreatedOnToolsVersion = 7.2.1;
						LastSwiftMigration = 0810;
					};
					CAC65E491C87E3EE0005D36D = {
						CreatedOnToolsVersion = 7.2.1;
					};
				};
			};
			buildConfigurationList = CA1427D11B185A1800CC0302 /* Build configuration list for PBXProject "YunkuSwiftSDK" */;
			compatibilityVersion = "Xcode 3.2";
			developmentRegion = English;
			hasScannedForEncodings = 0;
			knownRegions = (
				en,
			);
			mainGroup = CA1427CD1B185A1800CC0302;
			productRefGroup = CA1427D81B185A1800CC0302 /* Products */;
			projectDirPath = "";
			projectRoot = "";
			targets = (
				CA1427D61B185A1800CC0302 /* YunkuSwiftSDK */,
				CAC65E401C87E3EE0005D36D /* CommonCrypto */,
				CAC65E491C87E3EE0005D36D /* CommonCryptoTests */,
			);
		};
/* End PBXProject section */

/* Begin PBXResourcesBuildPhase section */
		CA1427D51B185A1800CC0302 /* Resources */ = {
			isa = PBXResourcesBuildPhase;
			buildActionMask = 2147483647;
			files = (
				6B6E2B90B4A848A80ECAC682 /* .gitignore in Resources */,
			);
			runOnlyForDeploymentPostprocessing = 0;
		};
		CAC65E3F1C87E3EE0005D36D /* Resources */ = {
			isa = PBXResourcesBuildPhase;
			buildActionMask = 2147483647;
			files = (
				CAC65E601C87E4210005D36D /* CommonCrypto.xcconfig in Resources */,
			);
			runOnlyForDeploymentPostprocessing = 0;
		};
		CAC65E481C87E3EE0005D36D /* Resources */ = {
			isa = PBXResourcesBuildPhase;
			buildActionMask = 2147483647;
			files = (
			);
			runOnlyForDeploymentPostprocessing = 0;
		};
/* End PBXResourcesBuildPhase section */

/* Begin PBXSourcesBuildPhase section */
		CA1427D21B185A1800CC0302 /* Sources */ = {
			isa = PBXSourcesBuildPhase;
			buildActionMask = 2147483647;
			files = (
				CAB037A41B331F4100E84824 /* LogPrint.swift in Sources */,
				CAB0378C1B331F4100E84824 /* String+Encode.swift in Sources */,
				CAB0379A1B331F4100E84824 /* UploadCallBack.swift in Sources */,
				CAB037901B331F4100E84824 /* OauthData.swift in Sources */,
				CAB0378B1B331F4100E84824 /* Dictionary+BlocksAdditions.swift in Sources */,
				CAB037A81B331F4100E84824 /* Utils.swift in Sources */,
				CAB037981B331F4100E84824 /* ParentEngine.swift in Sources */,
				CAB037941B331F4100E84824 /* EntLibManager.swift in Sources */,
				CAB0378F1B331F4100E84824 /* FileOperationData.swift in Sources */,
				CAB037A71B331F4100E84824 /* Utility.swift in Sources */,
				CAB037A61B331F4100E84824 /* SHA256.swift in Sources */,
				CAB037A11B331F4100E84824 /* Digestible.swift in Sources */,
				CAB037951B331F4100E84824 /* EntManager.swift in Sources */,
				CAC0D1E51B498C500024C8A9 /* UploadManager.swift in Sources */,
				CAB037A31B331F4100E84824 /* HTTPStatusCodes.swift in Sources */,
				CAB0378E1B331F4100E84824 /* BaseData.swift in Sources */,
				CAB0379C1B331F4100E84824 /* AlgorithmType.swift in Sources */,
				CAB0379F1B331F4100E84824 /* Digest.swift in Sources */,
				CAB037971B331F4100E84824 /* NetConnection.swift in Sources */,
				CAB037931B331F4100E84824 /* EntFileManager.swift in Sources */,
				CA6A5C941E2E2C9F00842BFA /* NetError.swift in Sources */,
				CAB037911B331F4100E84824 /* ReturnResult.swift in Sources */,
				CAB037921B331F4100E84824 /* SyncMemberData.swift in Sources */,
				CAB037991B331F4100E84824 /* SignAbility.swift in Sources */,
				CAB037A51B331F4100E84824 /* SHA1.swift in Sources */,
				CAB0378D1B331F4100E84824 /* Constans.swift in Sources */,
				CAB037A21B331F4100E84824 /* HMACAlgorithm.swift in Sources */,
				CAB037961B331F4100E84824 /* HostConfig.swift in Sources */,
				6B6E2C5B3D3EF3BCBB688A6B /* CRC32.swift in Sources */,
			);
			runOnlyForDeploymentPostprocessing = 0;
		};
		CAC65E3C1C87E3EE0005D36D /* Sources */ = {
			isa = PBXSourcesBuildPhase;
			buildActionMask = 2147483647;
			files = (
			);
			runOnlyForDeploymentPostprocessing = 0;
		};
		CAC65E461C87E3EE0005D36D /* Sources */ = {
			isa = PBXSourcesBuildPhase;
			buildActionMask = 2147483647;
			files = (
				CAC65E501C87E3EE0005D36D /* CommonCryptoTests.m in Sources */,
			);
			runOnlyForDeploymentPostprocessing = 0;
		};
/* End PBXSourcesBuildPhase section */

/* Begin PBXTargetDependency section */
		CAC65E4D1C87E3EE0005D36D /* PBXTargetDependency */ = {
			isa = PBXTargetDependency;
			target = CAC65E401C87E3EE0005D36D /* CommonCrypto */;
			targetProxy = CAC65E4C1C87E3EE0005D36D /* PBXContainerItemProxy */;
		};
/* End PBXTargetDependency section */

/* Begin XCBuildConfiguration section */
		CA1427EB1B185A1800CC0302 /* Debug */ = {
			isa = XCBuildConfiguration;
			buildSettings = {
				ALWAYS_SEARCH_USER_PATHS = NO;
				CLANG_CXX_LANGUAGE_STANDARD = "gnu++0x";
				CLANG_CXX_LIBRARY = "libc++";
				CLANG_ENABLE_MODULES = YES;
				CLANG_ENABLE_OBJC_ARC = YES;
				CLANG_WARN_BOOL_CONVERSION = YES;
				CLANG_WARN_CONSTANT_CONVERSION = YES;
				CLANG_WARN_DIRECT_OBJC_ISA_USAGE = YES_ERROR;
				CLANG_WARN_EMPTY_BODY = YES;
				CLANG_WARN_ENUM_CONVERSION = YES;
				CLANG_WARN_INT_CONVERSION = YES;
				CLANG_WARN_OBJC_ROOT_CLASS = YES_ERROR;
				CLANG_WARN_UNREACHABLE_CODE = YES;
				CLANG_WARN__DUPLICATE_METHOD_MATCH = YES;
				"CODE_SIGN_IDENTITY[sdk=iphoneos*]" = "iPhone Developer";
				COPY_PHASE_STRIP = NO;
				CURRENT_PROJECT_VERSION = 1;
				DEBUG_INFORMATION_FORMAT = "dwarf-with-dsym";
				ENABLE_STRICT_OBJC_MSGSEND = YES;
				ENABLE_TESTABILITY = YES;
				GCC_C_LANGUAGE_STANDARD = gnu99;
				GCC_DYNAMIC_NO_PIC = NO;
				GCC_NO_COMMON_BLOCKS = YES;
				GCC_OPTIMIZATION_LEVEL = 0;
				GCC_PREPROCESSOR_DEFINITIONS = (
					"DEBUG=1",
					"$(inherited)",
				);
				GCC_SYMBOLS_PRIVATE_EXTERN = NO;
				GCC_WARN_64_TO_32_BIT_CONVERSION = YES;
				GCC_WARN_ABOUT_RETURN_TYPE = YES_ERROR;
				GCC_WARN_UNDECLARED_SELECTOR = YES;
				GCC_WARN_UNINITIALIZED_AUTOS = YES_AGGRESSIVE;
				GCC_WARN_UNUSED_FUNCTION = YES;
				GCC_WARN_UNUSED_VARIABLE = YES;
				IPHONEOS_DEPLOYMENT_TARGET = 8.3;
				MTL_ENABLE_DEBUG_INFO = YES;
				ONLY_ACTIVE_ARCH = YES;
				SDKROOT = iphoneos;
				SWIFT_INCLUDE_PATHS = "";
				SWIFT_OPTIMIZATION_LEVEL = "-Onone";
				TARGETED_DEVICE_FAMILY = "1,2";
				VERSIONING_SYSTEM = "apple-generic";
				VERSION_INFO_PREFIX = "";
			};
			name = Debug;
		};
		CA1427EC1B185A1800CC0302 /* Release */ = {
			isa = XCBuildConfiguration;
			buildSettings = {
				ALWAYS_SEARCH_USER_PATHS = NO;
				CLANG_CXX_LANGUAGE_STANDARD = "gnu++0x";
				CLANG_CXX_LIBRARY = "libc++";
				CLANG_ENABLE_MODULES = YES;
				CLANG_ENABLE_OBJC_ARC = YES;
				CLANG_WARN_BOOL_CONVERSION = YES;
				CLANG_WARN_CONSTANT_CONVERSION = YES;
				CLANG_WARN_DIRECT_OBJC_ISA_USAGE = YES_ERROR;
				CLANG_WARN_EMPTY_BODY = YES;
				CLANG_WARN_ENUM_CONVERSION = YES;
				CLANG_WARN_INT_CONVERSION = YES;
				CLANG_WARN_OBJC_ROOT_CLASS = YES_ERROR;
				CLANG_WARN_UNREACHABLE_CODE = YES;
				CLANG_WARN__DUPLICATE_METHOD_MATCH = YES;
				"CODE_SIGN_IDENTITY[sdk=iphoneos*]" = "iPhone Developer";
				COPY_PHASE_STRIP = NO;
				CURRENT_PROJECT_VERSION = 1;
				DEBUG_INFORMATION_FORMAT = "dwarf-with-dsym";
				ENABLE_NS_ASSERTIONS = NO;
				ENABLE_STRICT_OBJC_MSGSEND = YES;
				GCC_C_LANGUAGE_STANDARD = gnu99;
				GCC_NO_COMMON_BLOCKS = YES;
				GCC_WARN_64_TO_32_BIT_CONVERSION = YES;
				GCC_WARN_ABOUT_RETURN_TYPE = YES_ERROR;
				GCC_WARN_UNDECLARED_SELECTOR = YES;
				GCC_WARN_UNINITIALIZED_AUTOS = YES_AGGRESSIVE;
				GCC_WARN_UNUSED_FUNCTION = YES;
				GCC_WARN_UNUSED_VARIABLE = YES;
				IPHONEOS_DEPLOYMENT_TARGET = 8.3;
				MTL_ENABLE_DEBUG_INFO = NO;
				SDKROOT = iphoneos;
				SWIFT_INCLUDE_PATHS = "";
				TARGETED_DEVICE_FAMILY = "1,2";
				VALIDATE_PRODUCT = YES;
				VERSIONING_SYSTEM = "apple-generic";
				VERSION_INFO_PREFIX = "";
			};
			name = Release;
		};
		CA1427EE1B185A1800CC0302 /* Debug */ = {
			isa = XCBuildConfiguration;
			buildSettings = {
				CLANG_ENABLE_MODULES = YES;
				CODE_SIGN_IDENTITY = "iPhone Developer";
				DEFINES_MODULE = YES;
				DYLIB_COMPATIBILITY_VERSION = 1;
				DYLIB_CURRENT_VERSION = 1;
				DYLIB_INSTALL_NAME_BASE = "@rpath";
				EMBEDDED_CONTENT_CONTAINS_SWIFT = NO;
				INFOPLIST_FILE = YunkuSwiftSDK/Info.plist;
				INSTALL_PATH = "$(LOCAL_LIBRARY_DIR)/Frameworks";
				LD_RUNPATH_SEARCH_PATHS = "$(inherited) @executable_path/Frameworks @loader_path/Frameworks";
				LIBRARY_SEARCH_PATHS = (
					"$(inherited)",
					"$(SDKROOT)/usr/lib/system",
				);
				ONLY_ACTIVE_ARCH = NO;
				PRODUCT_BUNDLE_IDENTIFIER = "com.gokuai.$(PRODUCT_NAME:rfc1034identifier)";
				PRODUCT_NAME = "$(TARGET_NAME)";
				SKIP_INSTALL = YES;
				SWIFT_INCLUDE_PATHS = "";
				SWIFT_INSTALL_OBJC_HEADER = YES;
				SWIFT_OBJC_BRIDGING_HEADER = "/Users/Brandon/Documents/workplace/MacProject/yunku-sdk-swift/YunkuSwiftSDK/YunkuSwiftSDK/YunkuSwiftSDK-Bridging-Header.hes>";
				"SWIFT_OBJC_BRIDGING_HEADER[arch=*]" = "";
				SWIFT_OPTIMIZATION_LEVEL = "-Onone";
				SWIFT_VERSION = 4.0;
			};
			name = Debug;
		};
		CA1427EF1B185A1800CC0302 /* Release */ = {
			isa = XCBuildConfiguration;
			buildSettings = {
				CLANG_ENABLE_MODULES = YES;
				CODE_SIGN_IDENTITY = "iPhone Developer";
				DEFINES_MODULE = YES;
				DYLIB_COMPATIBILITY_VERSION = 1;
				DYLIB_CURRENT_VERSION = 1;
				DYLIB_INSTALL_NAME_BASE = "@rpath";
				EMBEDDED_CONTENT_CONTAINS_SWIFT = NO;
				INFOPLIST_FILE = YunkuSwiftSDK/Info.plist;
				INSTALL_PATH = "$(LOCAL_LIBRARY_DIR)/Frameworks";
				LD_RUNPATH_SEARCH_PATHS = "$(inherited) @executable_path/Frameworks @loader_path/Frameworks";
				LIBRARY_SEARCH_PATHS = (
					"$(inherited)",
					"$(SDKROOT)/usr/lib/system",
				);
				ONLY_ACTIVE_ARCH = NO;
				PRODUCT_BUNDLE_IDENTIFIER = "com.gokuai.$(PRODUCT_NAME:rfc1034identifier)";
				PRODUCT_NAME = "$(TARGET_NAME)";
				SKIP_INSTALL = YES;
				SWIFT_INCLUDE_PATHS = "";
				SWIFT_INSTALL_OBJC_HEADER = YES;
				SWIFT_OBJC_BRIDGING_HEADER = "";
				SWIFT_VERSION = 4.0;
			};
			name = Release;
		};
		CAC65E531C87E3EE0005D36D /* Debug */ = {
			isa = XCBuildConfiguration;
			buildSettings = {
				DEBUG_INFORMATION_FORMAT = dwarf;
				DEFINES_MODULE = YES;
				DYLIB_COMPATIBILITY_VERSION = 1;
				DYLIB_CURRENT_VERSION = 1;
				DYLIB_INSTALL_NAME_BASE = "@rpath";
				EMBEDDED_CONTENT_CONTAINS_SWIFT = NO;
				INFOPLIST_FILE = CommonCrypto/Info.plist;
				INSTALL_PATH = "$(LOCAL_LIBRARY_DIR)/Frameworks";
				IPHONEOS_DEPLOYMENT_TARGET = 9.2;
				LD_RUNPATH_SEARCH_PATHS = "$(inherited) @executable_path/Frameworks @loader_path/Frameworks";
				"MODULEMAP_FILE[sdk=appletvos*]" = "$(SRCROOT)/CommonCrypto/appletvos.modulemap";
				"MODULEMAP_FILE[sdk=appletvsimulator*]" = "$(SRCROOT)/CommonCrypto/appletvsimulator.modulemap";
				"MODULEMAP_FILE[sdk=iphoneos*]" = "$(SRCROOT)/CommonCrypto/iphoneos.modulemap";
				"MODULEMAP_FILE[sdk=iphonesimulator*]" = "$(SRCROOT)/CommonCrypto/iphonesimulator.modulemap";
				"MODULEMAP_FILE[sdk=macosx*]" = "$(SRCROOT)/CommonCrypto/macosx.modulemap";
				"MODULEMAP_FILE[sdk=watchos*]" = "$(SRCROOT)/CommonCrypto/watchos.modulemap";
				"MODULEMAP_FILE[sdk=watchsimulator*]" = "$(SRCROOT)/CommonCrypto/watchsimulator.modulemap";
				PRODUCT_BUNDLE_IDENTIFIER = com.gokuai.CommonCrypto;
				PRODUCT_NAME = "$(TARGET_NAME)";
				SKIP_INSTALL = YES;
				SWIFT_VERSION = 2.3;
			};
			name = Debug;
		};
		CAC65E541C87E3EE0005D36D /* Release */ = {
			isa = XCBuildConfiguration;
			buildSettings = {
				DEFINES_MODULE = YES;
				DYLIB_COMPATIBILITY_VERSION = 1;
				DYLIB_CURRENT_VERSION = 1;
				DYLIB_INSTALL_NAME_BASE = "@rpath";
				EMBEDDED_CONTENT_CONTAINS_SWIFT = NO;
				INFOPLIST_FILE = CommonCrypto/Info.plist;
				INSTALL_PATH = "$(LOCAL_LIBRARY_DIR)/Frameworks";
				IPHONEOS_DEPLOYMENT_TARGET = 9.2;
				LD_RUNPATH_SEARCH_PATHS = "$(inherited) @executable_path/Frameworks @loader_path/Frameworks";
				"MODULEMAP_FILE[sdk=appletvos*]" = "$(SRCROOT)/CommonCrypto/appletvos.modulemap";
				"MODULEMAP_FILE[sdk=appletvsimulator*]" = "$(SRCROOT)/CommonCrypto/appletvsimulator.modulemap";
				"MODULEMAP_FILE[sdk=iphoneos*]" = "$(SRCROOT)/CommonCrypto/iphoneos.modulemap";
				"MODULEMAP_FILE[sdk=iphonesimulator*]" = "$(SRCROOT)/CommonCrypto/iphonesimulator.modulemap";
				"MODULEMAP_FILE[sdk=macosx*]" = "$(SRCROOT)/CommonCrypto/macosx.modulemap";
				"MODULEMAP_FILE[sdk=watchos*]" = "$(SRCROOT)/CommonCrypto/watchos.modulemap";
				"MODULEMAP_FILE[sdk=watchsimulator*]" = "$(SRCROOT)/CommonCrypto/watchsimulator.modulemap";
				PRODUCT_BUNDLE_IDENTIFIER = com.gokuai.CommonCrypto;
				PRODUCT_NAME = "$(TARGET_NAME)";
				SKIP_INSTALL = YES;
				SWIFT_VERSION = 2.3;
			};
			name = Release;
		};
		CAC65E561C87E3EE0005D36D /* Debug */ = {
			isa = XCBuildConfiguration;
			buildSettings = {
				DEBUG_INFORMATION_FORMAT = dwarf;
				INFOPLIST_FILE = CommonCryptoTests/Info.plist;
				IPHONEOS_DEPLOYMENT_TARGET = 9.2;
				LD_RUNPATH_SEARCH_PATHS = "$(inherited) @executable_path/Frameworks @loader_path/Frameworks";
				PRODUCT_BUNDLE_IDENTIFIER = com.gokuai.CommonCryptoTests;
				PRODUCT_NAME = "$(TARGET_NAME)";
			};
			name = Debug;
		};
		CAC65E571C87E3EE0005D36D /* Release */ = {
			isa = XCBuildConfiguration;
			buildSettings = {
				INFOPLIST_FILE = CommonCryptoTests/Info.plist;
				IPHONEOS_DEPLOYMENT_TARGET = 9.2;
				LD_RUNPATH_SEARCH_PATHS = "$(inherited) @executable_path/Frameworks @loader_path/Frameworks";
				PRODUCT_BUNDLE_IDENTIFIER = com.gokuai.CommonCryptoTests;
				PRODUCT_NAME = "$(TARGET_NAME)";
			};
			name = Release;
		};
/* End XCBuildConfiguration section */

/* Begin XCConfigurationList section */
		CA1427D11B185A1800CC0302 /* Build configuration list for PBXProject "YunkuSwiftSDK" */ = {
			isa = XCConfigurationList;
			buildConfigurations = (
				CA1427EB1B185A1800CC0302 /* Debug */,
				CA1427EC1B185A1800CC0302 /* Release */,
			);
			defaultConfigurationIsVisible = 0;
			defaultConfigurationName = Release;
		};
		CA1427ED1B185A1800CC0302 /* Build configuration list for PBXNativeTarget "YunkuSwiftSDK" */ = {
			isa = XCConfigurationList;
			buildConfigurations = (
				CA1427EE1B185A1800CC0302 /* Debug */,
				CA1427EF1B185A1800CC0302 /* Release */,
			);
			defaultConfigurationIsVisible = 0;
			defaultConfigurationName = Release;
		};
		CAC65E521C87E3EE0005D36D /* Build configuration list for PBXNativeTarget "CommonCrypto" */ = {
			isa = XCConfigurationList;
			buildConfigurations = (
				CAC65E531C87E3EE0005D36D /* Debug */,
				CAC65E541C87E3EE0005D36D /* Release */,
			);
			defaultConfigurationIsVisible = 0;
			defaultConfigurationName = Release;
		};
		CAC65E551C87E3EE0005D36D /* Build configuration list for PBXNativeTarget "CommonCryptoTests" */ = {
			isa = XCConfigurationList;
			buildConfigurations = (
				CAC65E561C87E3EE0005D36D /* Debug */,
				CAC65E571C87E3EE0005D36D /* Release */,
			);
			defaultConfigurationIsVisible = 0;
			defaultConfigurationName = Release;
		};
/* End XCConfigurationList section */
	};
	rootObject = CA1427CE1B185A1800CC0302 /* Project object */;
}
