// !$*UTF8*$!
{
	archiveVersion = 1;
	classes = {
	};
	objectVersion = 46;
	objects = {

/* Begin PBXBuildFile section */
		6B6E2C5B3D3EF3BCBB688A6B /* CRC32.swift in Sources */ = {isa = PBXBuildFile; fileRef = 6B6E22BC40E5DEB281F788AC /* CRC32.swift */; };
		CA1427DD1B185A1800CC0302 /* YunkuSwiftSDK.h in Headers */ = {isa = PBXBuildFile; fileRef = CA1427DC1B185A1800CC0302 /* YunkuSwiftSDK.h */; settings = {ATTRIBUTES = (Public, ); }; };
		CA2200002023137300F2454B /* ECB.swift in Sources */ = {isa = PBXBuildFile; fileRef = CA22FFBE2023136F00F2454B /* ECB.swift */; };
		CA2200012023137300F2454B /* PCBC.swift in Sources */ = {isa = PBXBuildFile; fileRef = CA22FFBF2023136F00F2454B /* PCBC.swift */; };
		CA2200022023137300F2454B /* BlockModeWorker.swift in Sources */ = {isa = PBXBuildFile; fileRef = CA22FFC02023136F00F2454B /* BlockModeWorker.swift */; };
		CA2200032023137300F2454B /* BlockMode.swift in Sources */ = {isa = PBXBuildFile; fileRef = CA22FFC12023136F00F2454B /* BlockMode.swift */; };
		CA2200042023137300F2454B /* CTR.swift in Sources */ = {isa = PBXBuildFile; fileRef = CA22FFC22023136F00F2454B /* CTR.swift */; };
		CA2200052023137300F2454B /* OFB.swift in Sources */ = {isa = PBXBuildFile; fileRef = CA22FFC32023136F00F2454B /* OFB.swift */; };
		CA2200062023137300F2454B /* ZeroPadding.swift in Sources */ = {isa = PBXBuildFile; fileRef = CA22FFC42023136F00F2454B /* ZeroPadding.swift */; };
		CA2200072023137300F2454B /* SHA1.swift in Sources */ = {isa = PBXBuildFile; fileRef = CA22FFC52023136F00F2454B /* SHA1.swift */; };
		CA2200082023137300F2454B /* UInt64+Extension.swift in Sources */ = {isa = PBXBuildFile; fileRef = CA22FFC62023136F00F2454B /* UInt64+Extension.swift */; };
		CA2200092023137300F2454B /* Authenticator.swift in Sources */ = {isa = PBXBuildFile; fileRef = CA22FFC72023136F00F2454B /* Authenticator.swift */; };
		CA22000A2023137300F2454B /* String+FoundationExtension.swift in Sources */ = {isa = PBXBuildFile; fileRef = CA22FFC92023136F00F2454B /* String+FoundationExtension.swift */; };
		CA22000B2023137300F2454B /* Blowfish+Foundation.swift in Sources */ = {isa = PBXBuildFile; fileRef = CA22FFCA2023136F00F2454B /* Blowfish+Foundation.swift */; };
		CA22000C2023137300F2454B /* Utils+Foundation.swift in Sources */ = {isa = PBXBuildFile; fileRef = CA22FFCB2023136F00F2454B /* Utils+Foundation.swift */; };
		CA22000D2023137300F2454B /* HMAC+Foundation.swift in Sources */ = {isa = PBXBuildFile; fileRef = CA22FFCC2023136F00F2454B /* HMAC+Foundation.swift */; };
		CA22000E2023137300F2454B /* Data+Extension.swift in Sources */ = {isa = PBXBuildFile; fileRef = CA22FFCD2023136F00F2454B /* Data+Extension.swift */; };
		CA22000F2023137300F2454B /* ChaCha20+Foundation.swift in Sources */ = {isa = PBXBuildFile; fileRef = CA22FFCE2023136F00F2454B /* ChaCha20+Foundation.swift */; };
		CA2200102023137300F2454B /* Array+Foundation.swift in Sources */ = {isa = PBXBuildFile; fileRef = CA22FFCF2023136F00F2454B /* Array+Foundation.swift */; };
		CA2200112023137300F2454B /* AES+Foundation.swift in Sources */ = {isa = PBXBuildFile; fileRef = CA22FFD02023136F00F2454B /* AES+Foundation.swift */; };
		CA2200122023137300F2454B /* Rabbit+Foundation.swift in Sources */ = {isa = PBXBuildFile; fileRef = CA22FFD12023136F00F2454B /* Rabbit+Foundation.swift */; };
		CA2200132023137300F2454B /* SHA2.swift in Sources */ = {isa = PBXBuildFile; fileRef = CA22FFD22023136F00F2454B /* SHA2.swift */; };
		CA2200142023137300F2454B /* BlockCipher.swift in Sources */ = {isa = PBXBuildFile; fileRef = CA22FFD32023136F00F2454B /* BlockCipher.swift */; };
		CA2200152023137300F2454B /* DigestType.swift in Sources */ = {isa = PBXBuildFile; fileRef = CA22FFD42023136F00F2454B /* DigestType.swift */; };
		CA2200162023137300F2454B /* Digest.swift in Sources */ = {isa = PBXBuildFile; fileRef = CA22FFD52023136F00F2454B /* Digest.swift */; };
		CA2200172023137300F2454B /* Int+Extension.swift in Sources */ = {isa = PBXBuildFile; fileRef = CA22FFD62023136F00F2454B /* Int+Extension.swift */; };
		CA2200182023137300F2454B /* Blowfish.swift in Sources */ = {isa = PBXBuildFile; fileRef = CA22FFD72023137000F2454B /* Blowfish.swift */; };
		CA2200192023137300F2454B /* UInt16+Extension.swift in Sources */ = {isa = PBXBuildFile; fileRef = CA22FFD82023137000F2454B /* UInt16+Extension.swift */; };
		CA22001A2023137300F2454B /* String+Extension.swift in Sources */ = {isa = PBXBuildFile; fileRef = CA22FFD92023137000F2454B /* String+Extension.swift */; };
		CA22001B2023137300F2454B /* Updatable.swift in Sources */ = {isa = PBXBuildFile; fileRef = CA22FFDA2023137000F2454B /* Updatable.swift */; };
		CA22001C2023137300F2454B /* BatchedCollection.swift in Sources */ = {isa = PBXBuildFile; fileRef = CA22FFDB2023137000F2454B /* BatchedCollection.swift */; };
		CA22001D2023137300F2454B /* ChaCha20.swift in Sources */ = {isa = PBXBuildFile; fileRef = CA22FFDC2023137000F2454B /* ChaCha20.swift */; };
		CA22001E2023137300F2454B /* Cipher.swift in Sources */ = {isa = PBXBuildFile; fileRef = CA22FFDD2023137000F2454B /* Cipher.swift */; };
		CA22001F2023137300F2454B /* UInt32+Extension.swift in Sources */ = {isa = PBXBuildFile; fileRef = CA22FFDE2023137000F2454B /* UInt32+Extension.swift */; };
		CA2200202023137300F2454B /* Utils.swift in Sources */ = {isa = PBXBuildFile; fileRef = CA22FFDF2023137000F2454B /* Utils.swift */; };
		CA2200212023137300F2454B /* AES.Cryptors.swift in Sources */ = {isa = PBXBuildFile; fileRef = CA22FFE02023137000F2454B /* AES.Cryptors.swift */; };
		CA2200222023137300F2454B /* Collection+Extension.swift in Sources */ = {isa = PBXBuildFile; fileRef = CA22FFE12023137100F2454B /* Collection+Extension.swift */; };
		CA2200232023137300F2454B /* HKDF.swift in Sources */ = {isa = PBXBuildFile; fileRef = CA22FFE22023137100F2454B /* HKDF.swift */; };
		CA2200242023137300F2454B /* Rabbit.swift in Sources */ = {isa = PBXBuildFile; fileRef = CA22FFE32023137100F2454B /* Rabbit.swift */; };
		CA2200252023137300F2454B /* RandomAccessCryptor.swift in Sources */ = {isa = PBXBuildFile; fileRef = CA22FFE42023137100F2454B /* RandomAccessCryptor.swift */; };
		CA2200262023137300F2454B /* PKCS7Padding.swift in Sources */ = {isa = PBXBuildFile; fileRef = CA22FFE62023137100F2454B /* PKCS7Padding.swift */; };
		CA2200272023137300F2454B /* PKCS5.swift in Sources */ = {isa = PBXBuildFile; fileRef = CA22FFE72023137100F2454B /* PKCS5.swift */; };
		CA2200282023137300F2454B /* PKCS7.swift in Sources */ = {isa = PBXBuildFile; fileRef = CA22FFE82023137100F2454B /* PKCS7.swift */; };
		CA2200292023137300F2454B /* PBKDF2.swift in Sources */ = {isa = PBXBuildFile; fileRef = CA22FFE92023137100F2454B /* PBKDF2.swift */; };
		CA22002A2023137300F2454B /* PBKDF1.swift in Sources */ = {isa = PBXBuildFile; fileRef = CA22FFEA2023137100F2454B /* PBKDF1.swift */; };
		CA22002B2023137300F2454B /* AES.swift in Sources */ = {isa = PBXBuildFile; fileRef = CA22FFEB2023137100F2454B /* AES.swift */; };
		CA22002C2023137300F2454B /* Checksum.swift in Sources */ = {isa = PBXBuildFile; fileRef = CA22FFEC2023137100F2454B /* Checksum.swift */; };
		CA22002D2023137300F2454B /* Array+Extension.swift in Sources */ = {isa = PBXBuildFile; fileRef = CA22FFED2023137100F2454B /* Array+Extension.swift */; };
		CA22002E2023137300F2454B /* Cryptors.swift in Sources */ = {isa = PBXBuildFile; fileRef = CA22FFEE2023137100F2454B /* Cryptors.swift */; };
		CA22002F2023137300F2454B /* MD5.swift in Sources */ = {isa = PBXBuildFile; fileRef = CA22FFEF2023137200F2454B /* MD5.swift */; };
		CA2200302023137300F2454B /* Poly1305.swift in Sources */ = {isa = PBXBuildFile; fileRef = CA22FFF02023137200F2454B /* Poly1305.swift */; };
		CA2200312023137300F2454B /* HMAC.swift in Sources */ = {isa = PBXBuildFile; fileRef = CA22FFF12023137200F2454B /* HMAC.swift */; };
		CA2200322023137300F2454B /* Array+Extensions.swift in Sources */ = {isa = PBXBuildFile; fileRef = CA22FFF22023137200F2454B /* Array+Extensions.swift */; };
		CA2200332023137300F2454B /* NoPadding.swift in Sources */ = {isa = PBXBuildFile; fileRef = CA22FFF32023137200F2454B /* NoPadding.swift */; };
		CA2200342023137300F2454B /* Padding.swift in Sources */ = {isa = PBXBuildFile; fileRef = CA22FFF42023137200F2454B /* Padding.swift */; };
		CA2200352023137300F2454B /* RandomBytesSequence.swift in Sources */ = {isa = PBXBuildFile; fileRef = CA22FFF52023137200F2454B /* RandomBytesSequence.swift */; };
		CA2200362023137300F2454B /* SecureBytes.swift in Sources */ = {isa = PBXBuildFile; fileRef = CA22FFF62023137300F2454B /* SecureBytes.swift */; };
		CA2200372023137300F2454B /* Bit.swift in Sources */ = {isa = PBXBuildFile; fileRef = CA22FFF72023137300F2454B /* Bit.swift */; };
		CA2200382023137300F2454B /* Operators.swift in Sources */ = {isa = PBXBuildFile; fileRef = CA22FFF82023137300F2454B /* Operators.swift */; };
		CA2200392023137300F2454B /* SHA3.swift in Sources */ = {isa = PBXBuildFile; fileRef = CA22FFF92023137300F2454B /* SHA3.swift */; };
		CA22003B2023143D00F2454B /* CryptoSwift.framework in Frameworks */ = {isa = PBXBuildFile; fileRef = CA22FFA02023132100F2454B /* CryptoSwift.framework */; };
		CA22FFB02023132200F2454B /* CryptoSwift.h in Headers */ = {isa = PBXBuildFile; fileRef = CA22FFA22023132100F2454B /* CryptoSwift.h */; settings = {ATTRIBUTES = (Public, ); }; };
		CA22FFFA2023137300F2454B /* UInt8+Extension.swift in Sources */ = {isa = PBXBuildFile; fileRef = CA22FFB72023136F00F2454B /* UInt8+Extension.swift */; };
		CA22FFFB2023137300F2454B /* Generics.swift in Sources */ = {isa = PBXBuildFile; fileRef = CA22FFB82023136F00F2454B /* Generics.swift */; };
		CA22FFFC2023137300F2454B /* BlockModeOptions.swift in Sources */ = {isa = PBXBuildFile; fileRef = CA22FFBA2023136F00F2454B /* BlockModeOptions.swift */; };
		CA22FFFD2023137300F2454B /* CFB.swift in Sources */ = {isa = PBXBuildFile; fileRef = CA22FFBB2023136F00F2454B /* CFB.swift */; };
		CA22FFFE2023137300F2454B /* CBC.swift in Sources */ = {isa = PBXBuildFile; fileRef = CA22FFBC2023136F00F2454B /* CBC.swift */; };
		CA22FFFF2023137300F2454B /* RandomAccessBlockModeWorker.swift in Sources */ = {isa = PBXBuildFile; fileRef = CA22FFBD2023136F00F2454B /* RandomAccessBlockModeWorker.swift */; };
		CA3BA0851FD6AF3B00DD011D /* ConfigHelper.swift in Sources */ = {isa = PBXBuildFile; fileRef = CA3BA0841FD6AF3B00DD011D /* ConfigHelper.swift */; };
		CA6A5C941E2E2C9F00842BFA /* NetError.swift in Sources */ = {isa = PBXBuildFile; fileRef = CA6A5C931E2E2C9F00842BFA /* NetError.swift */; };
		CAB0378B1B331F4100E84824 /* Dictionary+BlocksAdditions.swift in Sources */ = {isa = PBXBuildFile; fileRef = CAB0376A1B331F4100E84824 /* Dictionary+BlocksAdditions.swift */; };
		CAB0378C1B331F4100E84824 /* String+Encode.swift in Sources */ = {isa = PBXBuildFile; fileRef = CAB0376B1B331F4100E84824 /* String+Encode.swift */; };
		CAB0378D1B331F4100E84824 /* Constans.swift in Sources */ = {isa = PBXBuildFile; fileRef = CAB0376C1B331F4100E84824 /* Constans.swift */; };
		CAB0378E1B331F4100E84824 /* BaseData.swift in Sources */ = {isa = PBXBuildFile; fileRef = CAB0376E1B331F4100E84824 /* BaseData.swift */; };
		CAB0378F1B331F4100E84824 /* FileOperationData.swift in Sources */ = {isa = PBXBuildFile; fileRef = CAB0376F1B331F4100E84824 /* FileOperationData.swift */; };
		CAB037901B331F4100E84824 /* OauthData.swift in Sources */ = {isa = PBXBuildFile; fileRef = CAB037701B331F4100E84824 /* OauthData.swift */; };
		CAB037911B331F4100E84824 /* ReturnResult.swift in Sources */ = {isa = PBXBuildFile; fileRef = CAB037711B331F4100E84824 /* ReturnResult.swift */; };
		CAB037921B331F4100E84824 /* SyncMemberData.swift in Sources */ = {isa = PBXBuildFile; fileRef = CAB037721B331F4100E84824 /* SyncMemberData.swift */; };
		CAB037931B331F4100E84824 /* EntFileManager.swift in Sources */ = {isa = PBXBuildFile; fileRef = CAB037731B331F4100E84824 /* EntFileManager.swift */; };
		CAB037941B331F4100E84824 /* EntLibManager.swift in Sources */ = {isa = PBXBuildFile; fileRef = CAB037741B331F4100E84824 /* EntLibManager.swift */; };
		CAB037951B331F4100E84824 /* EntManager.swift in Sources */ = {isa = PBXBuildFile; fileRef = CAB037751B331F4100E84824 /* EntManager.swift */; };
		CAB037961B331F4100E84824 /* HostConfig.swift in Sources */ = {isa = PBXBuildFile; fileRef = CAB037761B331F4100E84824 /* HostConfig.swift */; };
		CAB037971B331F4100E84824 /* NetConnection.swift in Sources */ = {isa = PBXBuildFile; fileRef = CAB037771B331F4100E84824 /* NetConnection.swift */; };
		CAB037981B331F4100E84824 /* ParentEngine.swift in Sources */ = {isa = PBXBuildFile; fileRef = CAB037781B331F4100E84824 /* ParentEngine.swift */; };
		CAB037991B331F4100E84824 /* SignAbility.swift in Sources */ = {isa = PBXBuildFile; fileRef = CAB037791B331F4100E84824 /* SignAbility.swift */; };
		CAB0379A1B331F4100E84824 /* UploadCallBack.swift in Sources */ = {isa = PBXBuildFile; fileRef = CAB0377B1B331F4100E84824 /* UploadCallBack.swift */; };
		CAB0379C1B331F4100E84824 /* AlgorithmType.swift in Sources */ = {isa = PBXBuildFile; fileRef = CAB0377E1B331F4100E84824 /* AlgorithmType.swift */; };
		CAB0379F1B331F4100E84824 /* Digest.swift in Sources */ = {isa = PBXBuildFile; fileRef = CAB037811B331F4100E84824 /* Digest.swift */; };
		CAB037A11B331F4100E84824 /* Digestible.swift in Sources */ = {isa = PBXBuildFile; fileRef = CAB037831B331F4100E84824 /* Digestible.swift */; };
		CAB037A31B331F4100E84824 /* HTTPStatusCodes.swift in Sources */ = {isa = PBXBuildFile; fileRef = CAB037851B331F4100E84824 /* HTTPStatusCodes.swift */; };
		CAB037A41B331F4100E84824 /* LogPrint.swift in Sources */ = {isa = PBXBuildFile; fileRef = CAB037861B331F4100E84824 /* LogPrint.swift */; };
		CAB037A71B331F4100E84824 /* Utility.swift in Sources */ = {isa = PBXBuildFile; fileRef = CAB037891B331F4100E84824 /* Utility.swift */; };
		CAB037A81B331F4100E84824 /* Utils.swift in Sources */ = {isa = PBXBuildFile; fileRef = CAB0378A1B331F4100E84824 /* Utils.swift */; };
		CAC0D1E51B498C500024C8A9 /* UploadManager.swift in Sources */ = {isa = PBXBuildFile; fileRef = CAC0D1E41B498C500024C8A9 /* UploadManager.swift */; };
		CAC65E2F1C87DB960005D36D /* libz.tbd in Frameworks */ = {isa = PBXBuildFile; fileRef = CAC65E2E1C87DB960005D36D /* libz.tbd */; };
/* End PBXBuildFile section */

/* Begin PBXContainerItemProxy section */
		CA2200452023421C00F2454B /* PBXContainerItemProxy */ = {
			isa = PBXContainerItemProxy;
			containerPortal = CA1427CE1B185A1800CC0302 /* Project object */;
			proxyType = 1;
			remoteGlobalIDString = CA22FF9F2023132100F2454B;
			remoteInfo = CryptoSwift;
		};
/* End PBXContainerItemProxy section */

/* Begin PBXFileReference section */
		6B6E22BC40E5DEB281F788AC /* CRC32.swift */ = {isa = PBXFileReference; fileEncoding = 4; lastKnownFileType = sourcecode.swift; path = CRC32.swift; sourceTree = "<group>"; };
		CA1427D71B185A1800CC0302 /* YunkuSwiftSDK.framework */ = {isa = PBXFileReference; explicitFileType = wrapper.framework; includeInIndex = 0; path = YunkuSwiftSDK.framework; sourceTree = BUILT_PRODUCTS_DIR; };
		CA1427DB1B185A1800CC0302 /* Info.plist */ = {isa = PBXFileReference; lastKnownFileType = text.plist.xml; path = Info.plist; sourceTree = "<group>"; };
		CA1427DC1B185A1800CC0302 /* YunkuSwiftSDK.h */ = {isa = PBXFileReference; lastKnownFileType = sourcecode.c.h; path = YunkuSwiftSDK.h; sourceTree = "<group>"; };
		CA1427E81B185A1800CC0302 /* Info.plist */ = {isa = PBXFileReference; lastKnownFileType = text.plist.xml; path = Info.plist; sourceTree = "<group>"; };
		CA1427E91B185A1800CC0302 /* YunkuSwiftSDKTests.swift */ = {isa = PBXFileReference; lastKnownFileType = sourcecode.swift; path = YunkuSwiftSDKTests.swift; sourceTree = "<group>"; };
		CA22FFA02023132100F2454B /* CryptoSwift.framework */ = {isa = PBXFileReference; explicitFileType = wrapper.framework; includeInIndex = 0; path = CryptoSwift.framework; sourceTree = BUILT_PRODUCTS_DIR; };
		CA22FFA22023132100F2454B /* CryptoSwift.h */ = {isa = PBXFileReference; lastKnownFileType = sourcecode.c.h; path = CryptoSwift.h; sourceTree = "<group>"; };
		CA22FFA32023132100F2454B /* Info.plist */ = {isa = PBXFileReference; lastKnownFileType = text.plist.xml; path = Info.plist; sourceTree = "<group>"; };
		CA22FFB72023136F00F2454B /* UInt8+Extension.swift */ = {isa = PBXFileReference; fileEncoding = 4; lastKnownFileType = sourcecode.swift; path = "UInt8+Extension.swift"; sourceTree = "<group>"; };
		CA22FFB82023136F00F2454B /* Generics.swift */ = {isa = PBXFileReference; fileEncoding = 4; lastKnownFileType = sourcecode.swift; path = Generics.swift; sourceTree = "<group>"; };
		CA22FFBA2023136F00F2454B /* BlockModeOptions.swift */ = {isa = PBXFileReference; fileEncoding = 4; lastKnownFileType = sourcecode.swift; path = BlockModeOptions.swift; sourceTree = "<group>"; };
		CA22FFBB2023136F00F2454B /* CFB.swift */ = {isa = PBXFileReference; fileEncoding = 4; lastKnownFileType = sourcecode.swift; path = CFB.swift; sourceTree = "<group>"; };
		CA22FFBC2023136F00F2454B /* CBC.swift */ = {isa = PBXFileReference; fileEncoding = 4; lastKnownFileType = sourcecode.swift; path = CBC.swift; sourceTree = "<group>"; };
		CA22FFBD2023136F00F2454B /* RandomAccessBlockModeWorker.swift */ = {isa = PBXFileReference; fileEncoding = 4; lastKnownFileType = sourcecode.swift; path = RandomAccessBlockModeWorker.swift; sourceTree = "<group>"; };
		CA22FFBE2023136F00F2454B /* ECB.swift */ = {isa = PBXFileReference; fileEncoding = 4; lastKnownFileType = sourcecode.swift; path = ECB.swift; sourceTree = "<group>"; };
		CA22FFBF2023136F00F2454B /* PCBC.swift */ = {isa = PBXFileReference; fileEncoding = 4; lastKnownFileType = sourcecode.swift; path = PCBC.swift; sourceTree = "<group>"; };
		CA22FFC02023136F00F2454B /* BlockModeWorker.swift */ = {isa = PBXFileReference; fileEncoding = 4; lastKnownFileType = sourcecode.swift; path = BlockModeWorker.swift; sourceTree = "<group>"; };
		CA22FFC12023136F00F2454B /* BlockMode.swift */ = {isa = PBXFileReference; fileEncoding = 4; lastKnownFileType = sourcecode.swift; path = BlockMode.swift; sourceTree = "<group>"; };
		CA22FFC22023136F00F2454B /* CTR.swift */ = {isa = PBXFileReference; fileEncoding = 4; lastKnownFileType = sourcecode.swift; path = CTR.swift; sourceTree = "<group>"; };
		CA22FFC32023136F00F2454B /* OFB.swift */ = {isa = PBXFileReference; fileEncoding = 4; lastKnownFileType = sourcecode.swift; path = OFB.swift; sourceTree = "<group>"; };
		CA22FFC42023136F00F2454B /* ZeroPadding.swift */ = {isa = PBXFileReference; fileEncoding = 4; lastKnownFileType = sourcecode.swift; path = ZeroPadding.swift; sourceTree = "<group>"; };
		CA22FFC52023136F00F2454B /* SHA1.swift */ = {isa = PBXFileReference; fileEncoding = 4; lastKnownFileType = sourcecode.swift; path = SHA1.swift; sourceTree = "<group>"; };
		CA22FFC62023136F00F2454B /* UInt64+Extension.swift */ = {isa = PBXFileReference; fileEncoding = 4; lastKnownFileType = sourcecode.swift; path = "UInt64+Extension.swift"; sourceTree = "<group>"; };
		CA22FFC72023136F00F2454B /* Authenticator.swift */ = {isa = PBXFileReference; fileEncoding = 4; lastKnownFileType = sourcecode.swift; path = Authenticator.swift; sourceTree = "<group>"; };
		CA22FFC92023136F00F2454B /* String+FoundationExtension.swift */ = {isa = PBXFileReference; fileEncoding = 4; lastKnownFileType = sourcecode.swift; path = "String+FoundationExtension.swift"; sourceTree = "<group>"; };
		CA22FFCA2023136F00F2454B /* Blowfish+Foundation.swift */ = {isa = PBXFileReference; fileEncoding = 4; lastKnownFileType = sourcecode.swift; path = "Blowfish+Foundation.swift"; sourceTree = "<group>"; };
		CA22FFCB2023136F00F2454B /* Utils+Foundation.swift */ = {isa = PBXFileReference; fileEncoding = 4; lastKnownFileType = sourcecode.swift; path = "Utils+Foundation.swift"; sourceTree = "<group>"; };
		CA22FFCC2023136F00F2454B /* HMAC+Foundation.swift */ = {isa = PBXFileReference; fileEncoding = 4; lastKnownFileType = sourcecode.swift; path = "HMAC+Foundation.swift"; sourceTree = "<group>"; };
		CA22FFCD2023136F00F2454B /* Data+Extension.swift */ = {isa = PBXFileReference; fileEncoding = 4; lastKnownFileType = sourcecode.swift; path = "Data+Extension.swift"; sourceTree = "<group>"; };
		CA22FFCE2023136F00F2454B /* ChaCha20+Foundation.swift */ = {isa = PBXFileReference; fileEncoding = 4; lastKnownFileType = sourcecode.swift; path = "ChaCha20+Foundation.swift"; sourceTree = "<group>"; };
		CA22FFCF2023136F00F2454B /* Array+Foundation.swift */ = {isa = PBXFileReference; fileEncoding = 4; lastKnownFileType = sourcecode.swift; path = "Array+Foundation.swift"; sourceTree = "<group>"; };
		CA22FFD02023136F00F2454B /* AES+Foundation.swift */ = {isa = PBXFileReference; fileEncoding = 4; lastKnownFileType = sourcecode.swift; path = "AES+Foundation.swift"; sourceTree = "<group>"; };
		CA22FFD12023136F00F2454B /* Rabbit+Foundation.swift */ = {isa = PBXFileReference; fileEncoding = 4; lastKnownFileType = sourcecode.swift; path = "Rabbit+Foundation.swift"; sourceTree = "<group>"; };
		CA22FFD22023136F00F2454B /* SHA2.swift */ = {isa = PBXFileReference; fileEncoding = 4; lastKnownFileType = sourcecode.swift; path = SHA2.swift; sourceTree = "<group>"; };
		CA22FFD32023136F00F2454B /* BlockCipher.swift */ = {isa = PBXFileReference; fileEncoding = 4; lastKnownFileType = sourcecode.swift; path = BlockCipher.swift; sourceTree = "<group>"; };
		CA22FFD42023136F00F2454B /* DigestType.swift */ = {isa = PBXFileReference; fileEncoding = 4; lastKnownFileType = sourcecode.swift; path = DigestType.swift; sourceTree = "<group>"; };
		CA22FFD52023136F00F2454B /* Digest.swift */ = {isa = PBXFileReference; fileEncoding = 4; lastKnownFileType = sourcecode.swift; path = Digest.swift; sourceTree = "<group>"; };
		CA22FFD62023136F00F2454B /* Int+Extension.swift */ = {isa = PBXFileReference; fileEncoding = 4; lastKnownFileType = sourcecode.swift; path = "Int+Extension.swift"; sourceTree = "<group>"; };
		CA22FFD72023137000F2454B /* Blowfish.swift */ = {isa = PBXFileReference; fileEncoding = 4; lastKnownFileType = sourcecode.swift; path = Blowfish.swift; sourceTree = "<group>"; };
		CA22FFD82023137000F2454B /* UInt16+Extension.swift */ = {isa = PBXFileReference; fileEncoding = 4; lastKnownFileType = sourcecode.swift; path = "UInt16+Extension.swift"; sourceTree = "<group>"; };
		CA22FFD92023137000F2454B /* String+Extension.swift */ = {isa = PBXFileReference; fileEncoding = 4; lastKnownFileType = sourcecode.swift; path = "String+Extension.swift"; sourceTree = "<group>"; };
		CA22FFDA2023137000F2454B /* Updatable.swift */ = {isa = PBXFileReference; fileEncoding = 4; lastKnownFileType = sourcecode.swift; path = Updatable.swift; sourceTree = "<group>"; };
		CA22FFDB2023137000F2454B /* BatchedCollection.swift */ = {isa = PBXFileReference; fileEncoding = 4; lastKnownFileType = sourcecode.swift; path = BatchedCollection.swift; sourceTree = "<group>"; };
		CA22FFDC2023137000F2454B /* ChaCha20.swift */ = {isa = PBXFileReference; fileEncoding = 4; lastKnownFileType = sourcecode.swift; path = ChaCha20.swift; sourceTree = "<group>"; };
		CA22FFDD2023137000F2454B /* Cipher.swift */ = {isa = PBXFileReference; fileEncoding = 4; lastKnownFileType = sourcecode.swift; path = Cipher.swift; sourceTree = "<group>"; };
		CA22FFDE2023137000F2454B /* UInt32+Extension.swift */ = {isa = PBXFileReference; fileEncoding = 4; lastKnownFileType = sourcecode.swift; path = "UInt32+Extension.swift"; sourceTree = "<group>"; };
		CA22FFDF2023137000F2454B /* Utils.swift */ = {isa = PBXFileReference; fileEncoding = 4; lastKnownFileType = sourcecode.swift; path = Utils.swift; sourceTree = "<group>"; };
		CA22FFE02023137000F2454B /* AES.Cryptors.swift */ = {isa = PBXFileReference; fileEncoding = 4; lastKnownFileType = sourcecode.swift; path = AES.Cryptors.swift; sourceTree = "<group>"; };
		CA22FFE12023137100F2454B /* Collection+Extension.swift */ = {isa = PBXFileReference; fileEncoding = 4; lastKnownFileType = sourcecode.swift; path = "Collection+Extension.swift"; sourceTree = "<group>"; };
		CA22FFE22023137100F2454B /* HKDF.swift */ = {isa = PBXFileReference; fileEncoding = 4; lastKnownFileType = sourcecode.swift; path = HKDF.swift; sourceTree = "<group>"; };
		CA22FFE32023137100F2454B /* Rabbit.swift */ = {isa = PBXFileReference; fileEncoding = 4; lastKnownFileType = sourcecode.swift; path = Rabbit.swift; sourceTree = "<group>"; };
		CA22FFE42023137100F2454B /* RandomAccessCryptor.swift */ = {isa = PBXFileReference; fileEncoding = 4; lastKnownFileType = sourcecode.swift; path = RandomAccessCryptor.swift; sourceTree = "<group>"; };
		CA22FFE62023137100F2454B /* PKCS7Padding.swift */ = {isa = PBXFileReference; fileEncoding = 4; lastKnownFileType = sourcecode.swift; path = PKCS7Padding.swift; sourceTree = "<group>"; };
		CA22FFE72023137100F2454B /* PKCS5.swift */ = {isa = PBXFileReference; fileEncoding = 4; lastKnownFileType = sourcecode.swift; path = PKCS5.swift; sourceTree = "<group>"; };
		CA22FFE82023137100F2454B /* PKCS7.swift */ = {isa = PBXFileReference; fileEncoding = 4; lastKnownFileType = sourcecode.swift; path = PKCS7.swift; sourceTree = "<group>"; };
		CA22FFE92023137100F2454B /* PBKDF2.swift */ = {isa = PBXFileReference; fileEncoding = 4; lastKnownFileType = sourcecode.swift; path = PBKDF2.swift; sourceTree = "<group>"; };
		CA22FFEA2023137100F2454B /* PBKDF1.swift */ = {isa = PBXFileReference; fileEncoding = 4; lastKnownFileType = sourcecode.swift; path = PBKDF1.swift; sourceTree = "<group>"; };
		CA22FFEB2023137100F2454B /* AES.swift */ = {isa = PBXFileReference; fileEncoding = 4; lastKnownFileType = sourcecode.swift; path = AES.swift; sourceTree = "<group>"; };
		CA22FFEC2023137100F2454B /* Checksum.swift */ = {isa = PBXFileReference; fileEncoding = 4; lastKnownFileType = sourcecode.swift; path = Checksum.swift; sourceTree = "<group>"; };
		CA22FFED2023137100F2454B /* Array+Extension.swift */ = {isa = PBXFileReference; fileEncoding = 4; lastKnownFileType = sourcecode.swift; path = "Array+Extension.swift"; sourceTree = "<group>"; };
		CA22FFEE2023137100F2454B /* Cryptors.swift */ = {isa = PBXFileReference; fileEncoding = 4; lastKnownFileType = sourcecode.swift; path = Cryptors.swift; sourceTree = "<group>"; };
		CA22FFEF2023137200F2454B /* MD5.swift */ = {isa = PBXFileReference; fileEncoding = 4; lastKnownFileType = sourcecode.swift; path = MD5.swift; sourceTree = "<group>"; };
		CA22FFF02023137200F2454B /* Poly1305.swift */ = {isa = PBXFileReference; fileEncoding = 4; lastKnownFileType = sourcecode.swift; path = Poly1305.swift; sourceTree = "<group>"; };
		CA22FFF12023137200F2454B /* HMAC.swift */ = {isa = PBXFileReference; fileEncoding = 4; lastKnownFileType = sourcecode.swift; path = HMAC.swift; sourceTree = "<group>"; };
		CA22FFF22023137200F2454B /* Array+Extensions.swift */ = {isa = PBXFileReference; fileEncoding = 4; lastKnownFileType = sourcecode.swift; path = "Array+Extensions.swift"; sourceTree = "<group>"; };
		CA22FFF32023137200F2454B /* NoPadding.swift */ = {isa = PBXFileReference; fileEncoding = 4; lastKnownFileType = sourcecode.swift; path = NoPadding.swift; sourceTree = "<group>"; };
		CA22FFF42023137200F2454B /* Padding.swift */ = {isa = PBXFileReference; fileEncoding = 4; lastKnownFileType = sourcecode.swift; path = Padding.swift; sourceTree = "<group>"; };
		CA22FFF52023137200F2454B /* RandomBytesSequence.swift */ = {isa = PBXFileReference; fileEncoding = 4; lastKnownFileType = sourcecode.swift; path = RandomBytesSequence.swift; sourceTree = "<group>"; };
		CA22FFF62023137300F2454B /* SecureBytes.swift */ = {isa = PBXFileReference; fileEncoding = 4; lastKnownFileType = sourcecode.swift; path = SecureBytes.swift; sourceTree = "<group>"; };
		CA22FFF72023137300F2454B /* Bit.swift */ = {isa = PBXFileReference; fileEncoding = 4; lastKnownFileType = sourcecode.swift; path = Bit.swift; sourceTree = "<group>"; };
		CA22FFF82023137300F2454B /* Operators.swift */ = {isa = PBXFileReference; fileEncoding = 4; lastKnownFileType = sourcecode.swift; path = Operators.swift; sourceTree = "<group>"; };
		CA22FFF92023137300F2454B /* SHA3.swift */ = {isa = PBXFileReference; fileEncoding = 4; lastKnownFileType = sourcecode.swift; path = SHA3.swift; sourceTree = "<group>"; };
		CA3BA0841FD6AF3B00DD011D /* ConfigHelper.swift */ = {isa = PBXFileReference; lastKnownFileType = sourcecode.swift; path = ConfigHelper.swift; sourceTree = "<group>"; };
		CA6A5C931E2E2C9F00842BFA /* NetError.swift */ = {isa = PBXFileReference; fileEncoding = 4; lastKnownFileType = sourcecode.swift; path = NetError.swift; sourceTree = "<group>"; };
		CAB0376A1B331F4100E84824 /* Dictionary+BlocksAdditions.swift */ = {isa = PBXFileReference; fileEncoding = 4; lastKnownFileType = sourcecode.swift; path = "Dictionary+BlocksAdditions.swift"; sourceTree = "<group>"; };
		CAB0376B1B331F4100E84824 /* String+Encode.swift */ = {isa = PBXFileReference; fileEncoding = 4; lastKnownFileType = sourcecode.swift; path = "String+Encode.swift"; sourceTree = "<group>"; };
		CAB0376C1B331F4100E84824 /* Constans.swift */ = {isa = PBXFileReference; fileEncoding = 4; lastKnownFileType = sourcecode.swift; path = Constans.swift; sourceTree = "<group>"; };
		CAB0376E1B331F4100E84824 /* BaseData.swift */ = {isa = PBXFileReference; fileEncoding = 4; lastKnownFileType = sourcecode.swift; path = BaseData.swift; sourceTree = "<group>"; };
		CAB0376F1B331F4100E84824 /* FileOperationData.swift */ = {isa = PBXFileReference; fileEncoding = 4; lastKnownFileType = sourcecode.swift; path = FileOperationData.swift; sourceTree = "<group>"; };
		CAB037701B331F4100E84824 /* OauthData.swift */ = {isa = PBXFileReference; fileEncoding = 4; lastKnownFileType = sourcecode.swift; path = OauthData.swift; sourceTree = "<group>"; };
		CAB037711B331F4100E84824 /* ReturnResult.swift */ = {isa = PBXFileReference; fileEncoding = 4; lastKnownFileType = sourcecode.swift; path = ReturnResult.swift; sourceTree = "<group>"; };
		CAB037721B331F4100E84824 /* SyncMemberData.swift */ = {isa = PBXFileReference; fileEncoding = 4; lastKnownFileType = sourcecode.swift; path = SyncMemberData.swift; sourceTree = "<group>"; };
		CAB037731B331F4100E84824 /* EntFileManager.swift */ = {isa = PBXFileReference; fileEncoding = 4; lastKnownFileType = sourcecode.swift; path = EntFileManager.swift; sourceTree = "<group>"; };
		CAB037741B331F4100E84824 /* EntLibManager.swift */ = {isa = PBXFileReference; fileEncoding = 4; lastKnownFileType = sourcecode.swift; path = EntLibManager.swift; sourceTree = "<group>"; };
		CAB037751B331F4100E84824 /* EntManager.swift */ = {isa = PBXFileReference; fileEncoding = 4; lastKnownFileType = sourcecode.swift; path = EntManager.swift; sourceTree = "<group>"; };
		CAB037761B331F4100E84824 /* HostConfig.swift */ = {isa = PBXFileReference; fileEncoding = 4; lastKnownFileType = sourcecode.swift; path = HostConfig.swift; sourceTree = "<group>"; };
		CAB037771B331F4100E84824 /* NetConnection.swift */ = {isa = PBXFileReference; fileEncoding = 4; lastKnownFileType = sourcecode.swift; path = NetConnection.swift; sourceTree = "<group>"; };
		CAB037781B331F4100E84824 /* ParentEngine.swift */ = {isa = PBXFileReference; fileEncoding = 4; lastKnownFileType = sourcecode.swift; path = ParentEngine.swift; sourceTree = "<group>"; };
		CAB037791B331F4100E84824 /* SignAbility.swift */ = {isa = PBXFileReference; fileEncoding = 4; lastKnownFileType = sourcecode.swift; path = SignAbility.swift; sourceTree = "<group>"; };
		CAB0377B1B331F4100E84824 /* UploadCallBack.swift */ = {isa = PBXFileReference; fileEncoding = 4; lastKnownFileType = sourcecode.swift; path = UploadCallBack.swift; sourceTree = "<group>"; };
		CAB0377E1B331F4100E84824 /* AlgorithmType.swift */ = {isa = PBXFileReference; fileEncoding = 4; lastKnownFileType = sourcecode.swift; path = AlgorithmType.swift; sourceTree = "<group>"; };
		CAB037811B331F4100E84824 /* Digest.swift */ = {isa = PBXFileReference; fileEncoding = 4; lastKnownFileType = sourcecode.swift; path = Digest.swift; sourceTree = "<group>"; };
		CAB037831B331F4100E84824 /* Digestible.swift */ = {isa = PBXFileReference; fileEncoding = 4; lastKnownFileType = sourcecode.swift; path = Digestible.swift; sourceTree = "<group>"; };
		CAB037851B331F4100E84824 /* HTTPStatusCodes.swift */ = {isa = PBXFileReference; fileEncoding = 4; lastKnownFileType = sourcecode.swift; path = HTTPStatusCodes.swift; sourceTree = "<group>"; };
		CAB037861B331F4100E84824 /* LogPrint.swift */ = {isa = PBXFileReference; fileEncoding = 4; lastKnownFileType = sourcecode.swift; path = LogPrint.swift; sourceTree = "<group>"; };
		CAB037891B331F4100E84824 /* Utility.swift */ = {isa = PBXFileReference; fileEncoding = 4; lastKnownFileType = sourcecode.swift; path = Utility.swift; sourceTree = "<group>"; };
		CAB0378A1B331F4100E84824 /* Utils.swift */ = {isa = PBXFileReference; fileEncoding = 4; lastKnownFileType = sourcecode.swift; path = Utils.swift; sourceTree = "<group>"; };
		CAC0D1E41B498C500024C8A9 /* UploadManager.swift */ = {isa = PBXFileReference; fileEncoding = 4; lastKnownFileType = sourcecode.swift; path = UploadManager.swift; sourceTree = "<group>"; };
		CAC65E2E1C87DB960005D36D /* libz.tbd */ = {isa = PBXFileReference; lastKnownFileType = "sourcecode.text-based-dylib-definition"; name = libz.tbd; path = usr/lib/libz.tbd; sourceTree = SDKROOT; };
/* End PBXFileReference section */

/* Begin PBXFrameworksBuildPhase section */
		CA1427D31B185A1800CC0302 /* Frameworks */ = {
			isa = PBXFrameworksBuildPhase;
			buildActionMask = 2147483647;
			files = (
				CA22003B2023143D00F2454B /* CryptoSwift.framework in Frameworks */,
				CAC65E2F1C87DB960005D36D /* libz.tbd in Frameworks */,
			);
			runOnlyForDeploymentPostprocessing = 0;
		};
		CA22FF9C2023132100F2454B /* Frameworks */ = {
			isa = PBXFrameworksBuildPhase;
			buildActionMask = 2147483647;
			files = (
			);
			runOnlyForDeploymentPostprocessing = 0;
		};
/* End PBXFrameworksBuildPhase section */

/* Begin PBXGroup section */
		CA1427CD1B185A1800CC0302 = {
			isa = PBXGroup;
			children = (
				CA1427D91B185A1800CC0302 /* YunkuSwiftSDK */,
				CA1427E61B185A1800CC0302 /* YunkuSwiftSDKTests */,
				CA22FFA12023132100F2454B /* CryptoSwift */,
				CAC65E611C87E44F0005D36D /* Frameworks */,
				CA1427D81B185A1800CC0302 /* Products */,
			);
			sourceTree = "<group>";
		};
		CA1427D81B185A1800CC0302 /* Products */ = {
			isa = PBXGroup;
			children = (
				CA1427D71B185A1800CC0302 /* YunkuSwiftSDK.framework */,
				CA22FFA02023132100F2454B /* CryptoSwift.framework */,
			);
			name = Products;
			sourceTree = "<group>";
		};
		CA1427D91B185A1800CC0302 /* YunkuSwiftSDK */ = {
			isa = PBXGroup;
			children = (
				CAB037681B331F4100E84824 /* Class */,
				CA1427DC1B185A1800CC0302 /* YunkuSwiftSDK.h */,
				CA1427DA1B185A1800CC0302 /* Supporting Files */,
			);
			path = YunkuSwiftSDK;
			sourceTree = "<group>";
		};
		CA1427DA1B185A1800CC0302 /* Supporting Files */ = {
			isa = PBXGroup;
			children = (
				CA1427DB1B185A1800CC0302 /* Info.plist */,
			);
			name = "Supporting Files";
			sourceTree = "<group>";
		};
		CA1427E61B185A1800CC0302 /* YunkuSwiftSDKTests */ = {
			isa = PBXGroup;
			children = (
				CA1427E91B185A1800CC0302 /* YunkuSwiftSDKTests.swift */,
				CA1427E71B185A1800CC0302 /* Supporting Files */,
			);
			path = YunkuSwiftSDKTests;
			sourceTree = "<group>";
		};
		CA1427E71B185A1800CC0302 /* Supporting Files */ = {
			isa = PBXGroup;
			children = (
				CA1427E81B185A1800CC0302 /* Info.plist */,
			);
			name = "Supporting Files";
			sourceTree = "<group>";
		};
		CA22FFA12023132100F2454B /* CryptoSwift */ = {
			isa = PBXGroup;
			children = (
				CA22FFE02023137000F2454B /* AES.Cryptors.swift */,
				CA22FFEB2023137100F2454B /* AES.swift */,
				CA22FFED2023137100F2454B /* Array+Extension.swift */,
				CA22FFF22023137200F2454B /* Array+Extensions.swift */,
				CA22FFC72023136F00F2454B /* Authenticator.swift */,
				CA22FFDB2023137000F2454B /* BatchedCollection.swift */,
				CA22FFF72023137300F2454B /* Bit.swift */,
				CA22FFD32023136F00F2454B /* BlockCipher.swift */,
				CA22FFB92023136F00F2454B /* BlockMode */,
				CA22FFD72023137000F2454B /* Blowfish.swift */,
				CA22FFDC2023137000F2454B /* ChaCha20.swift */,
				CA22FFEC2023137100F2454B /* Checksum.swift */,
				CA22FFDD2023137000F2454B /* Cipher.swift */,
				CA22FFE12023137100F2454B /* Collection+Extension.swift */,
				CA22FFEE2023137100F2454B /* Cryptors.swift */,
				CA22FFD52023136F00F2454B /* Digest.swift */,
				CA22FFD42023136F00F2454B /* DigestType.swift */,
				CA22FFC82023136F00F2454B /* Foundation */,
				CA22FFB82023136F00F2454B /* Generics.swift */,
				CA22FFE22023137100F2454B /* HKDF.swift */,
				CA22FFF12023137200F2454B /* HMAC.swift */,
				CA22FFD62023136F00F2454B /* Int+Extension.swift */,
				CA22FFEF2023137200F2454B /* MD5.swift */,
				CA22FFF32023137200F2454B /* NoPadding.swift */,
				CA22FFF82023137300F2454B /* Operators.swift */,
				CA22FFF42023137200F2454B /* Padding.swift */,
				CA22FFE52023137100F2454B /* PKCS */,
				CA22FFF02023137200F2454B /* Poly1305.swift */,
				CA22FFE32023137100F2454B /* Rabbit.swift */,
				CA22FFE42023137100F2454B /* RandomAccessCryptor.swift */,
				CA22FFF52023137200F2454B /* RandomBytesSequence.swift */,
				CA22FFF62023137300F2454B /* SecureBytes.swift */,
				CA22FFC52023136F00F2454B /* SHA1.swift */,
				CA22FFD22023136F00F2454B /* SHA2.swift */,
				CA22FFF92023137300F2454B /* SHA3.swift */,
				CA22FFD92023137000F2454B /* String+Extension.swift */,
				CA22FFB72023136F00F2454B /* UInt8+Extension.swift */,
				CA22FFD82023137000F2454B /* UInt16+Extension.swift */,
				CA22FFDE2023137000F2454B /* UInt32+Extension.swift */,
				CA22FFC62023136F00F2454B /* UInt64+Extension.swift */,
				CA22FFDA2023137000F2454B /* Updatable.swift */,
				CA22FFDF2023137000F2454B /* Utils.swift */,
				CA22FFC42023136F00F2454B /* ZeroPadding.swift */,
				CA22FFA22023132100F2454B /* CryptoSwift.h */,
				CA22FFA32023132100F2454B /* Info.plist */,
			);
			path = CryptoSwift;
			sourceTree = "<group>";
		};
		CA22FFB92023136F00F2454B /* BlockMode */ = {
			isa = PBXGroup;
			children = (
				CA22FFBA2023136F00F2454B /* BlockModeOptions.swift */,
				CA22FFBB2023136F00F2454B /* CFB.swift */,
				CA22FFBC2023136F00F2454B /* CBC.swift */,
				CA22FFBD2023136F00F2454B /* RandomAccessBlockModeWorker.swift */,
				CA22FFBE2023136F00F2454B /* ECB.swift */,
				CA22FFBF2023136F00F2454B /* PCBC.swift */,
				CA22FFC02023136F00F2454B /* BlockModeWorker.swift */,
				CA22FFC12023136F00F2454B /* BlockMode.swift */,
				CA22FFC22023136F00F2454B /* CTR.swift */,
				CA22FFC32023136F00F2454B /* OFB.swift */,
			);
			path = BlockMode;
			sourceTree = "<group>";
		};
		CA22FFC82023136F00F2454B /* Foundation */ = {
			isa = PBXGroup;
			children = (
				CA22FFC92023136F00F2454B /* String+FoundationExtension.swift */,
				CA22FFCA2023136F00F2454B /* Blowfish+Foundation.swift */,
				CA22FFCB2023136F00F2454B /* Utils+Foundation.swift */,
				CA22FFCC2023136F00F2454B /* HMAC+Foundation.swift */,
				CA22FFCD2023136F00F2454B /* Data+Extension.swift */,
				CA22FFCE2023136F00F2454B /* ChaCha20+Foundation.swift */,
				CA22FFCF2023136F00F2454B /* Array+Foundation.swift */,
				CA22FFD02023136F00F2454B /* AES+Foundation.swift */,
				CA22FFD12023136F00F2454B /* Rabbit+Foundation.swift */,
			);
			path = Foundation;
			sourceTree = "<group>";
		};
		CA22FFE52023137100F2454B /* PKCS */ = {
			isa = PBXGroup;
			children = (
				CA22FFE62023137100F2454B /* PKCS7Padding.swift */,
				CA22FFE72023137100F2454B /* PKCS5.swift */,
				CA22FFE82023137100F2454B /* PKCS7.swift */,
				CA22FFE92023137100F2454B /* PBKDF2.swift */,
				CA22FFEA2023137100F2454B /* PBKDF1.swift */,
			);
			path = PKCS;
			sourceTree = "<group>";
		};
		CAB037681B331F4100E84824 /* Class */ = {
			isa = PBXGroup;
			children = (
				CAB037691B331F4100E84824 /* Category */,
				CAB0376D1B331F4100E84824 /* Data */,
				CAB0377A1B331F4100E84824 /* Upload */,
				CAB0377D1B331F4100E84824 /* Utils */,
				CA3BA0841FD6AF3B00DD011D /* ConfigHelper.swift */,
				CA6A5C931E2E2C9F00842BFA /* NetError.swift */,
				CAB0376C1B331F4100E84824 /* Constans.swift */,
				CAB037731B331F4100E84824 /* EntFileManager.swift */,
				CAB037741B331F4100E84824 /* EntLibManager.swift */,
				CAB037751B331F4100E84824 /* EntManager.swift */,
				CAB037761B331F4100E84824 /* HostConfig.swift */,
				CAB037771B331F4100E84824 /* NetConnection.swift */,
				CAB037781B331F4100E84824 /* ParentEngine.swift */,
				CAB037791B331F4100E84824 /* SignAbility.swift */,
			);
			path = Class;
			sourceTree = "<group>";
		};
		CAB037691B331F4100E84824 /* Category */ = {
			isa = PBXGroup;
			children = (
				CAB0376A1B331F4100E84824 /* Dictionary+BlocksAdditions.swift */,
				CAB0376B1B331F4100E84824 /* String+Encode.swift */,
			);
			path = Category;
			sourceTree = "<group>";
		};
		CAB0376D1B331F4100E84824 /* Data */ = {
			isa = PBXGroup;
			children = (
				CAB0376E1B331F4100E84824 /* BaseData.swift */,
				CAB0376F1B331F4100E84824 /* FileOperationData.swift */,
				CAB037701B331F4100E84824 /* OauthData.swift */,
				CAB037711B331F4100E84824 /* ReturnResult.swift */,
				CAB037721B331F4100E84824 /* SyncMemberData.swift */,
			);
			path = Data;
			sourceTree = "<group>";
		};
		CAB0377A1B331F4100E84824 /* Upload */ = {
			isa = PBXGroup;
			children = (
				CAB0377B1B331F4100E84824 /* UploadCallBack.swift */,
				CAC0D1E41B498C500024C8A9 /* UploadManager.swift */,
			);
			path = Upload;
			sourceTree = "<group>";
		};
		CAB0377D1B331F4100E84824 /* Utils */ = {
			isa = PBXGroup;
			children = (
				CAB0377E1B331F4100E84824 /* AlgorithmType.swift */,
				CAB037811B331F4100E84824 /* Digest.swift */,
				CAB037831B331F4100E84824 /* Digestible.swift */,
				CAB037851B331F4100E84824 /* HTTPStatusCodes.swift */,
				CAB037861B331F4100E84824 /* LogPrint.swift */,
				CAB037891B331F4100E84824 /* Utility.swift */,
				CAB0378A1B331F4100E84824 /* Utils.swift */,
				6B6E22BC40E5DEB281F788AC /* CRC32.swift */,
			);
			path = Utils;
			sourceTree = "<group>";
		};
		CAC65E611C87E44F0005D36D /* Frameworks */ = {
			isa = PBXGroup;
			children = (
				CAC65E2E1C87DB960005D36D /* libz.tbd */,
			);
			name = Frameworks;
			sourceTree = "<group>";
		};
/* End PBXGroup section */

/* Begin PBXHeadersBuildPhase section */
		CA1427D41B185A1800CC0302 /* Headers */ = {
			isa = PBXHeadersBuildPhase;
			buildActionMask = 2147483647;
			files = (
				CA1427DD1B185A1800CC0302 /* YunkuSwiftSDK.h in Headers */,
			);
			runOnlyForDeploymentPostprocessing = 0;
		};
		CA22FF9D2023132100F2454B /* Headers */ = {
			isa = PBXHeadersBuildPhase;
			buildActionMask = 2147483647;
			files = (
				CA22FFB02023132200F2454B /* CryptoSwift.h in Headers */,
			);
			runOnlyForDeploymentPostprocessing = 0;
		};
/* End PBXHeadersBuildPhase section */

/* Begin PBXNativeTarget section */
		CA1427D61B185A1800CC0302 /* YunkuSwiftSDK */ = {
			isa = PBXNativeTarget;
			buildConfigurationList = CA1427ED1B185A1800CC0302 /* Build configuration list for PBXNativeTarget "YunkuSwiftSDK" */;
			buildPhases = (
				CA1427D21B185A1800CC0302 /* Sources */,
				CA1427D31B185A1800CC0302 /* Frameworks */,
				CA1427D41B185A1800CC0302 /* Headers */,
				CA1427D51B185A1800CC0302 /* Resources */,
			);
			buildRules = (
			);
			dependencies = (
				CA2200462023421C00F2454B /* PBXTargetDependency */,
			);
			name = YunkuSwiftSDK;
			productName = YunkuSwiftSDK;
			productReference = CA1427D71B185A1800CC0302 /* YunkuSwiftSDK.framework */;
			productType = "com.apple.product-type.framework";
		};
		CA22FF9F2023132100F2454B /* CryptoSwift */ = {
			isa = PBXNativeTarget;
			buildConfigurationList = CA22FFB12023132200F2454B /* Build configuration list for PBXNativeTarget "CryptoSwift" */;
			buildPhases = (
				CA22FF9B2023132100F2454B /* Sources */,
				CA22FF9C2023132100F2454B /* Frameworks */,
				CA22FF9D2023132100F2454B /* Headers */,
				CA22FF9E2023132100F2454B /* Resources */,
			);
			buildRules = (
			);
			dependencies = (
			);
			name = CryptoSwift;
			productName = CryptoSwift;
			productReference = CA22FFA02023132100F2454B /* CryptoSwift.framework */;
			productType = "com.apple.product-type.framework";
		};
/* End PBXNativeTarget section */

/* Begin PBXProject section */
		CA1427CE1B185A1800CC0302 /* Project object */ = {
			isa = PBXProject;
			attributes = {
				LastSwiftMigration = 0720;
				LastSwiftUpdateCheck = 0920;
				LastUpgradeCheck = 0720;
				ORGANIZATIONNAME = goukuai;
				TargetAttributes = {
					CA1427D61B185A1800CC0302 = {
						CreatedOnToolsVersion = 6.3.1;
						LastSwiftMigration = 0830;
					};
					CA22FF9F2023132100F2454B = {
						CreatedOnToolsVersion = 9.2;
						LastSwiftMigration = 0920;
						ProvisioningStyle = Automatic;
					};
				};
			};
			buildConfigurationList = CA1427D11B185A1800CC0302 /* Build configuration list for PBXProject "YunkuSwiftSDK" */;
			compatibilityVersion = "Xcode 3.2";
			developmentRegion = English;
			hasScannedForEncodings = 0;
			knownRegions = (
				en,
			);
			mainGroup = CA1427CD1B185A1800CC0302;
			productRefGroup = CA1427D81B185A1800CC0302 /* Products */;
			projectDirPath = "";
			projectRoot = "";
			targets = (
				CA1427D61B185A1800CC0302 /* YunkuSwiftSDK */,
				CA22FF9F2023132100F2454B /* CryptoSwift */,
			);
		};
/* End PBXProject section */

/* Begin PBXResourcesBuildPhase section */
		CA1427D51B185A1800CC0302 /* Resources */ = {
			isa = PBXResourcesBuildPhase;
			buildActionMask = 2147483647;
			files = (
			);
			runOnlyForDeploymentPostprocessing = 0;
		};
		CA22FF9E2023132100F2454B /* Resources */ = {
			isa = PBXResourcesBuildPhase;
			buildActionMask = 2147483647;
			files = (
			);
			runOnlyForDeploymentPostprocessing = 0;
		};
/* End PBXResourcesBuildPhase section */

/* Begin PBXSourcesBuildPhase section */
		CA1427D21B185A1800CC0302 /* Sources */ = {
			isa = PBXSourcesBuildPhase;
			buildActionMask = 2147483647;
			files = (
				CAB037A41B331F4100E84824 /* LogPrint.swift in Sources */,
				CAB0378C1B331F4100E84824 /* String+Encode.swift in Sources */,
				CAB0379A1B331F4100E84824 /* UploadCallBack.swift in Sources */,
				CAB037901B331F4100E84824 /* OauthData.swift in Sources */,
				CAB0378B1B331F4100E84824 /* Dictionary+BlocksAdditions.swift in Sources */,
				CAB037A81B331F4100E84824 /* Utils.swift in Sources */,
				CAB037981B331F4100E84824 /* ParentEngine.swift in Sources */,
				CAB037941B331F4100E84824 /* EntLibManager.swift in Sources */,
				CAB0378F1B331F4100E84824 /* FileOperationData.swift in Sources */,
				CAB037A71B331F4100E84824 /* Utility.swift in Sources */,
				CAB037A11B331F4100E84824 /* Digestible.swift in Sources */,
				CAB037951B331F4100E84824 /* EntManager.swift in Sources */,
				CAC0D1E51B498C500024C8A9 /* UploadManager.swift in Sources */,
				CAB037A31B331F4100E84824 /* HTTPStatusCodes.swift in Sources */,
				CAB0378E1B331F4100E84824 /* BaseData.swift in Sources */,
				CAB0379C1B331F4100E84824 /* AlgorithmType.swift in Sources */,
				CAB0379F1B331F4100E84824 /* Digest.swift in Sources */,
				CAB037971B331F4100E84824 /* NetConnection.swift in Sources */,
				CAB037931B331F4100E84824 /* EntFileManager.swift in Sources */,
				CA6A5C941E2E2C9F00842BFA /* NetError.swift in Sources */,
				CAB037911B331F4100E84824 /* ReturnResult.swift in Sources */,
				CAB037921B331F4100E84824 /* SyncMemberData.swift in Sources */,
				CA3BA0851FD6AF3B00DD011D /* ConfigHelper.swift in Sources */,
				CAB037991B331F4100E84824 /* SignAbility.swift in Sources */,
				CAB0378D1B331F4100E84824 /* Constans.swift in Sources */,
				CAB037961B331F4100E84824 /* HostConfig.swift in Sources */,
				6B6E2C5B3D3EF3BCBB688A6B /* CRC32.swift in Sources */,
			);
			runOnlyForDeploymentPostprocessing = 0;
		};
		CA22FF9B2023132100F2454B /* Sources */ = {
			isa = PBXSourcesBuildPhase;
			buildActionMask = 2147483647;
			files = (
				CA2200302023137300F2454B /* Poly1305.swift in Sources */,
				CA2200292023137300F2454B /* PBKDF2.swift in Sources */,
				CA2200222023137300F2454B /* Collection+Extension.swift in Sources */,
				CA2200192023137300F2454B /* UInt16+Extension.swift in Sources */,
				CA2200342023137300F2454B /* Padding.swift in Sources */,
				CA2200242023137300F2454B /* Rabbit.swift in Sources */,
				CA22001A2023137300F2454B /* String+Extension.swift in Sources */,
				CA22001E2023137300F2454B /* Cipher.swift in Sources */,
				CA2200232023137300F2454B /* HKDF.swift in Sources */,
				CA22002C2023137300F2454B /* Checksum.swift in Sources */,
				CA22000C2023137300F2454B /* Utils+Foundation.swift in Sources */,
				CA22000B2023137300F2454B /* Blowfish+Foundation.swift in Sources */,
				CA2200202023137300F2454B /* Utils.swift in Sources */,
				CA2200332023137300F2454B /* NoPadding.swift in Sources */,
				CA22002D2023137300F2454B /* Array+Extension.swift in Sources */,
				CA2200262023137300F2454B /* PKCS7Padding.swift in Sources */,
				CA2200112023137300F2454B /* AES+Foundation.swift in Sources */,
				CA22002F2023137300F2454B /* MD5.swift in Sources */,
				CA22FFFA2023137300F2454B /* UInt8+Extension.swift in Sources */,
				CA2200162023137300F2454B /* Digest.swift in Sources */,
				CA2200102023137300F2454B /* Array+Foundation.swift in Sources */,
				CA22002E2023137300F2454B /* Cryptors.swift in Sources */,
				CA2200362023137300F2454B /* SecureBytes.swift in Sources */,
				CA22002A2023137300F2454B /* PBKDF1.swift in Sources */,
				CA22001B2023137300F2454B /* Updatable.swift in Sources */,
				CA2200182023137300F2454B /* Blowfish.swift in Sources */,
				CA2200272023137300F2454B /* PKCS5.swift in Sources */,
				CA22FFFB2023137300F2454B /* Generics.swift in Sources */,
				CA2200082023137300F2454B /* UInt64+Extension.swift in Sources */,
				CA22001C2023137300F2454B /* BatchedCollection.swift in Sources */,
				CA2200352023137300F2454B /* RandomBytesSequence.swift in Sources */,
				CA2200062023137300F2454B /* ZeroPadding.swift in Sources */,
				CA2200032023137300F2454B /* BlockMode.swift in Sources */,
				CA22001D2023137300F2454B /* ChaCha20.swift in Sources */,
				CA22000D2023137300F2454B /* HMAC+Foundation.swift in Sources */,
				CA22001F2023137300F2454B /* UInt32+Extension.swift in Sources */,
				CA22000E2023137300F2454B /* Data+Extension.swift in Sources */,
				CA2200072023137300F2454B /* SHA1.swift in Sources */,
				CA2200052023137300F2454B /* OFB.swift in Sources */,
				CA2200132023137300F2454B /* SHA2.swift in Sources */,
				CA2200172023137300F2454B /* Int+Extension.swift in Sources */,
				CA22000A2023137300F2454B /* String+FoundationExtension.swift in Sources */,
				CA2200022023137300F2454B /* BlockModeWorker.swift in Sources */,
				CA2200122023137300F2454B /* Rabbit+Foundation.swift in Sources */,
				CA2200382023137300F2454B /* Operators.swift in Sources */,
				CA2200152023137300F2454B /* DigestType.swift in Sources */,
				CA22FFFC2023137300F2454B /* BlockModeOptions.swift in Sources */,
				CA2200282023137300F2454B /* PKCS7.swift in Sources */,
				CA2200142023137300F2454B /* BlockCipher.swift in Sources */,
				CA2200252023137300F2454B /* RandomAccessCryptor.swift in Sources */,
				CA2200092023137300F2454B /* Authenticator.swift in Sources */,
				CA2200002023137300F2454B /* ECB.swift in Sources */,
				CA2200392023137300F2454B /* SHA3.swift in Sources */,
				CA22FFFF2023137300F2454B /* RandomAccessBlockModeWorker.swift in Sources */,
				CA2200212023137300F2454B /* AES.Cryptors.swift in Sources */,
				CA2200012023137300F2454B /* PCBC.swift in Sources */,
				CA22FFFE2023137300F2454B /* CBC.swift in Sources */,
				CA2200372023137300F2454B /* Bit.swift in Sources */,
				CA22FFFD2023137300F2454B /* CFB.swift in Sources */,
				CA22000F2023137300F2454B /* ChaCha20+Foundation.swift in Sources */,
				CA2200042023137300F2454B /* CTR.swift in Sources */,
				CA2200312023137300F2454B /* HMAC.swift in Sources */,
				CA2200322023137300F2454B /* Array+Extensions.swift in Sources */,
				CA22002B2023137300F2454B /* AES.swift in Sources */,
			);
			runOnlyForDeploymentPostprocessing = 0;
		};
/* End PBXSourcesBuildPhase section */

/* Begin PBXTargetDependency section */
		CA2200462023421C00F2454B /* PBXTargetDependency */ = {
			isa = PBXTargetDependency;
			target = CA22FF9F2023132100F2454B /* CryptoSwift */;
			targetProxy = CA2200452023421C00F2454B /* PBXContainerItemProxy */;
		};
/* End PBXTargetDependency section */

/* Begin XCBuildConfiguration section */
		CA1427EB1B185A1800CC0302 /* Debug */ = {
			isa = XCBuildConfiguration;
			buildSettings = {
				ALWAYS_SEARCH_USER_PATHS = NO;
				CLANG_CXX_LANGUAGE_STANDARD = "gnu++0x";
				CLANG_CXX_LIBRARY = "libc++";
				CLANG_ENABLE_MODULES = YES;
				CLANG_ENABLE_OBJC_ARC = YES;
				CLANG_WARN_BOOL_CONVERSION = YES;
				CLANG_WARN_CONSTANT_CONVERSION = YES;
				CLANG_WARN_DIRECT_OBJC_ISA_USAGE = YES_ERROR;
				CLANG_WARN_EMPTY_BODY = YES;
				CLANG_WARN_ENUM_CONVERSION = YES;
				CLANG_WARN_INT_CONVERSION = YES;
				CLANG_WARN_OBJC_ROOT_CLASS = YES_ERROR;
				CLANG_WARN_UNREACHABLE_CODE = YES;
				CLANG_WARN__DUPLICATE_METHOD_MATCH = YES;
				"CODE_SIGN_IDENTITY[sdk=iphoneos*]" = "iPhone Developer";
				COPY_PHASE_STRIP = NO;
				CURRENT_PROJECT_VERSION = 1;
				DEBUG_INFORMATION_FORMAT = "dwarf-with-dsym";
				ENABLE_STRICT_OBJC_MSGSEND = YES;
				ENABLE_TESTABILITY = YES;
				GCC_C_LANGUAGE_STANDARD = gnu99;
				GCC_DYNAMIC_NO_PIC = NO;
				GCC_NO_COMMON_BLOCKS = YES;
				GCC_OPTIMIZATION_LEVEL = 0;
				GCC_PREPROCESSOR_DEFINITIONS = (
					"DEBUG=1",
					"$(inherited)",
				);
				GCC_SYMBOLS_PRIVATE_EXTERN = NO;
				GCC_WARN_64_TO_32_BIT_CONVERSION = YES;
				GCC_WARN_ABOUT_RETURN_TYPE = YES_ERROR;
				GCC_WARN_UNDECLARED_SELECTOR = YES;
				GCC_WARN_UNINITIALIZED_AUTOS = YES_AGGRESSIVE;
				GCC_WARN_UNUSED_FUNCTION = YES;
				GCC_WARN_UNUSED_VARIABLE = YES;
				IPHONEOS_DEPLOYMENT_TARGET = 8.3;
				MTL_ENABLE_DEBUG_INFO = YES;
				ONLY_ACTIVE_ARCH = YES;
				SDKROOT = iphoneos;
				SWIFT_INCLUDE_PATHS = "";
				SWIFT_OPTIMIZATION_LEVEL = "-Onone";
				TARGETED_DEVICE_FAMILY = "1,2";
				VERSIONING_SYSTEM = "apple-generic";
				VERSION_INFO_PREFIX = "";
			};
			name = Debug;
		};
		CA1427EC1B185A1800CC0302 /* Release */ = {
			isa = XCBuildConfiguration;
			buildSettings = {
				ALWAYS_SEARCH_USER_PATHS = NO;
				CLANG_CXX_LANGUAGE_STANDARD = "gnu++0x";
				CLANG_CXX_LIBRARY = "libc++";
				CLANG_ENABLE_MODULES = YES;
				CLANG_ENABLE_OBJC_ARC = YES;
				CLANG_WARN_BOOL_CONVERSION = YES;
				CLANG_WARN_CONSTANT_CONVERSION = YES;
				CLANG_WARN_DIRECT_OBJC_ISA_USAGE = YES_ERROR;
				CLANG_WARN_EMPTY_BODY = YES;
				CLANG_WARN_ENUM_CONVERSION = YES;
				CLANG_WARN_INT_CONVERSION = YES;
				CLANG_WARN_OBJC_ROOT_CLASS = YES_ERROR;
				CLANG_WARN_UNREACHABLE_CODE = YES;
				CLANG_WARN__DUPLICATE_METHOD_MATCH = YES;
				"CODE_SIGN_IDENTITY[sdk=iphoneos*]" = "iPhone Developer";
				COPY_PHASE_STRIP = NO;
				CURRENT_PROJECT_VERSION = 1;
				DEBUG_INFORMATION_FORMAT = "dwarf-with-dsym";
				ENABLE_NS_ASSERTIONS = NO;
				ENABLE_STRICT_OBJC_MSGSEND = YES;
				GCC_C_LANGUAGE_STANDARD = gnu99;
				GCC_NO_COMMON_BLOCKS = YES;
				GCC_WARN_64_TO_32_BIT_CONVERSION = YES;
				GCC_WARN_ABOUT_RETURN_TYPE = YES_ERROR;
				GCC_WARN_UNDECLARED_SELECTOR = YES;
				GCC_WARN_UNINITIALIZED_AUTOS = YES_AGGRESSIVE;
				GCC_WARN_UNUSED_FUNCTION = YES;
				GCC_WARN_UNUSED_VARIABLE = YES;
				IPHONEOS_DEPLOYMENT_TARGET = 8.3;
				MTL_ENABLE_DEBUG_INFO = NO;
				SDKROOT = iphoneos;
				SWIFT_INCLUDE_PATHS = "";
				TARGETED_DEVICE_FAMILY = "1,2";
				VALIDATE_PRODUCT = YES;
				VERSIONING_SYSTEM = "apple-generic";
				VERSION_INFO_PREFIX = "";
			};
			name = Release;
		};
		CA1427EE1B185A1800CC0302 /* Debug */ = {
			isa = XCBuildConfiguration;
			buildSettings = {
				CLANG_ENABLE_MODULES = YES;
				CODE_SIGN_IDENTITY = "iPhone Developer";
				DEFINES_MODULE = YES;
				DYLIB_COMPATIBILITY_VERSION = 1;
				DYLIB_CURRENT_VERSION = 1;
				DYLIB_INSTALL_NAME_BASE = "@rpath";
				EMBEDDED_CONTENT_CONTAINS_SWIFT = NO;
				INFOPLIST_FILE = YunkuSwiftSDK/Info.plist;
				INSTALL_PATH = "$(LOCAL_LIBRARY_DIR)/Frameworks";
				IPHONEOS_DEPLOYMENT_TARGET = 9.0;
				LD_RUNPATH_SEARCH_PATHS = "$(inherited) @executable_path/Frameworks @loader_path/Frameworks";
				LIBRARY_SEARCH_PATHS = (
					"$(inherited)",
					"$(SDKROOT)/usr/lib/system",
				);
				ONLY_ACTIVE_ARCH = YES;
				PRODUCT_BUNDLE_IDENTIFIER = "com.gokuai.$(PRODUCT_NAME:rfc1034identifier)";
				PRODUCT_NAME = "$(TARGET_NAME)";
				SDKROOT = "";
				SKIP_INSTALL = YES;
				SUPPORTED_PLATFORMS = "iphonesimulator iphoneos macosx appletvos watchos appletvsimulator watchsimulator";
				SWIFT_INCLUDE_PATHS = "";
				SWIFT_INSTALL_OBJC_HEADER = YES;
				SWIFT_OBJC_BRIDGING_HEADER = "/Users/Brandon/Documents/workplace/MacProject/yunku-sdk-swift/YunkuSwiftSDK/YunkuSwiftSDK/YunkuSwiftSDK-Bridging-Header.hes>";
				"SWIFT_OBJC_BRIDGING_HEADER[arch=*]" = "";
				SWIFT_OPTIMIZATION_LEVEL = "-Onone";
				SWIFT_VERSION = 4.0;
				VALID_ARCHS = "arm64 armv7 armv7s i386 x86_64";
			};
			name = Debug;
		};
		CA1427EF1B185A1800CC0302 /* Release */ = {
			isa = XCBuildConfiguration;
			buildSettings = {
				CLANG_ENABLE_MODULES = YES;
				CODE_SIGN_IDENTITY = "iPhone Developer";
				DEFINES_MODULE = YES;
				DYLIB_COMPATIBILITY_VERSION = 1;
				DYLIB_CURRENT_VERSION = 1;
				DYLIB_INSTALL_NAME_BASE = "@rpath";
				EMBEDDED_CONTENT_CONTAINS_SWIFT = NO;
				INFOPLIST_FILE = YunkuSwiftSDK/Info.plist;
				INSTALL_PATH = "$(LOCAL_LIBRARY_DIR)/Frameworks";
				IPHONEOS_DEPLOYMENT_TARGET = 9.0;
				LD_RUNPATH_SEARCH_PATHS = "$(inherited) @executable_path/Frameworks @loader_path/Frameworks";
				LIBRARY_SEARCH_PATHS = (
					"$(inherited)",
					"$(SDKROOT)/usr/lib/system",
				);
				ONLY_ACTIVE_ARCH = NO;
				PRODUCT_BUNDLE_IDENTIFIER = "com.gokuai.$(PRODUCT_NAME:rfc1034identifier)";
				PRODUCT_NAME = "$(TARGET_NAME)";
				SDKROOT = "";
				SKIP_INSTALL = YES;
				SUPPORTED_PLATFORMS = "iphonesimulator iphoneos macosx appletvos watchos appletvsimulator watchsimulator";
				SWIFT_INCLUDE_PATHS = "";
				SWIFT_INSTALL_OBJC_HEADER = YES;
				SWIFT_OBJC_BRIDGING_HEADER = "";
				SWIFT_VERSION = 4.0;
				VALID_ARCHS = "arm64 armv7 armv7s i386 x86_64";
			};
			name = Release;
		};
		CA22FFB22023132200F2454B /* Debug */ = {
			isa = XCBuildConfiguration;
			buildSettings = {
				CLANG_ANALYZER_NONNULL = YES;
				CLANG_ANALYZER_NUMBER_OBJECT_CONVERSION = YES_AGGRESSIVE;
				CLANG_CXX_LANGUAGE_STANDARD = "gnu++14";
				CLANG_ENABLE_MODULES = YES;
				CLANG_WARN_BLOCK_CAPTURE_AUTORELEASING = YES;
				CLANG_WARN_COMMA = YES;
				CLANG_WARN_DOCUMENTATION_COMMENTS = YES;
				CLANG_WARN_INFINITE_RECURSION = YES;
				CLANG_WARN_NON_LITERAL_NULL_CONVERSION = YES;
				CLANG_WARN_OBJC_LITERAL_CONVERSION = YES;
				CLANG_WARN_RANGE_LOOP_ANALYSIS = YES;
				CLANG_WARN_STRICT_PROTOTYPES = YES;
				CLANG_WARN_SUSPICIOUS_MOVE = YES;
				CLANG_WARN_UNGUARDED_AVAILABILITY = YES_AGGRESSIVE;
				CODE_SIGN_IDENTITY = "iPhone Developer";
				CODE_SIGN_STYLE = Automatic;
				DEBUG_INFORMATION_FORMAT = dwarf;
				DEFINES_MODULE = YES;
				DYLIB_COMPATIBILITY_VERSION = 1;
				DYLIB_CURRENT_VERSION = 1;
				DYLIB_INSTALL_NAME_BASE = "@rpath";
				GCC_C_LANGUAGE_STANDARD = gnu11;
				INFOPLIST_FILE = CryptoSwift/Info.plist;
				INSTALL_PATH = "$(LOCAL_LIBRARY_DIR)/Frameworks";
				IPHONEOS_DEPLOYMENT_TARGET = 9.0;
				LD_RUNPATH_SEARCH_PATHS = "$(inherited) @executable_path/Frameworks @loader_path/Frameworks";
				ONLY_ACTIVE_ARCH = YES;
				PRODUCT_BUNDLE_IDENTIFIER = com.gokuai.CryptoSwift;
				PRODUCT_NAME = "$(TARGET_NAME:c99extidentifier)";
				SDKROOT = "";
				SKIP_INSTALL = YES;
				SUPPORTED_PLATFORMS = "iphonesimulator iphoneos macosx appletvos watchos appletvsimulator watchsimulator";
				SWIFT_ACTIVE_COMPILATION_CONDITIONS = DEBUG;
				SWIFT_OPTIMIZATION_LEVEL = "-Onone";
				SWIFT_VERSION = 4.0;
				TARGETED_DEVICE_FAMILY = "1,2";
				VALID_ARCHS = "arm64 armv7 armv7s x86_64 i386";
			};
			name = Debug;
		};
		CA22FFB32023132200F2454B /* Release */ = {
			isa = XCBuildConfiguration;
			buildSettings = {
				CLANG_ANALYZER_NONNULL = YES;
				CLANG_ANALYZER_NUMBER_OBJECT_CONVERSION = YES_AGGRESSIVE;
				CLANG_CXX_LANGUAGE_STANDARD = "gnu++14";
				CLANG_ENABLE_MODULES = YES;
				CLANG_WARN_BLOCK_CAPTURE_AUTORELEASING = YES;
				CLANG_WARN_COMMA = YES;
				CLANG_WARN_DOCUMENTATION_COMMENTS = YES;
				CLANG_WARN_INFINITE_RECURSION = YES;
				CLANG_WARN_NON_LITERAL_NULL_CONVERSION = YES;
				CLANG_WARN_OBJC_LITERAL_CONVERSION = YES;
				CLANG_WARN_RANGE_LOOP_ANALYSIS = YES;
				CLANG_WARN_STRICT_PROTOTYPES = YES;
				CLANG_WARN_SUSPICIOUS_MOVE = YES;
				CLANG_WARN_UNGUARDED_AVAILABILITY = YES_AGGRESSIVE;
				CODE_SIGN_IDENTITY = "iPhone Developer";
				CODE_SIGN_STYLE = Automatic;
				DEFINES_MODULE = YES;
				DYLIB_COMPATIBILITY_VERSION = 1;
				DYLIB_CURRENT_VERSION = 1;
				DYLIB_INSTALL_NAME_BASE = "@rpath";
				GCC_C_LANGUAGE_STANDARD = gnu11;
				INFOPLIST_FILE = CryptoSwift/Info.plist;
				INSTALL_PATH = "$(LOCAL_LIBRARY_DIR)/Frameworks";
				IPHONEOS_DEPLOYMENT_TARGET = 9.0;
				LD_RUNPATH_SEARCH_PATHS = "$(inherited) @executable_path/Frameworks @loader_path/Frameworks";
				ONLY_ACTIVE_ARCH = NO;
				PRODUCT_BUNDLE_IDENTIFIER = com.gokuai.CryptoSwift;
				PRODUCT_NAME = "$(TARGET_NAME:c99extidentifier)";
				SDKROOT = "";
				SKIP_INSTALL = YES;
				SUPPORTED_PLATFORMS = "iphonesimulator iphoneos macosx appletvos watchos appletvsimulator watchsimulator";
				SWIFT_OPTIMIZATION_LEVEL = "-Owholemodule";
				SWIFT_VERSION = 4.0;
				TARGETED_DEVICE_FAMILY = "1,2";
				VALID_ARCHS = "arm64 armv7 armv7s x86_64 i386";
			};
			name = Release;
		};
/* End XCBuildConfiguration section */

/* Begin XCConfigurationList section */
		CA1427D11B185A1800CC0302 /* Build configuration list for PBXProject "YunkuSwiftSDK" */ = {
			isa = XCConfigurationList;
			buildConfigurations = (
				CA1427EB1B185A1800CC0302 /* Debug */,
				CA1427EC1B185A1800CC0302 /* Release */,
			);
			defaultConfigurationIsVisible = 0;
			defaultConfigurationName = Release;
		};
		CA1427ED1B185A1800CC0302 /* Build configuration list for PBXNativeTarget "YunkuSwiftSDK" */ = {
			isa = XCConfigurationList;
			buildConfigurations = (
				CA1427EE1B185A1800CC0302 /* Debug */,
				CA1427EF1B185A1800CC0302 /* Release */,
			);
			defaultConfigurationIsVisible = 0;
			defaultConfigurationName = Release;
		};
		CA22FFB12023132200F2454B /* Build configuration list for PBXNativeTarget "CryptoSwift" */ = {
			isa = XCConfigurationList;
			buildConfigurations = (
				CA22FFB22023132200F2454B /* Debug */,
				CA22FFB32023132200F2454B /* Release */,
			);
			defaultConfigurationIsVisible = 0;
			defaultConfigurationName = Release;
		};
/* End XCConfigurationList section */
	};
	rootObject = CA1427CE1B185A1800CC0302 /* Project object */;
}
